// !$*UTF8*$!
{
	archiveVersion = 1;
	classes = {
	};
	objectVersion = 51;
	objects = {

/* Begin PBXBuildFile section */
		564A824FFB57AA129F675756 /* Pods_SurRoundTests.framework in Frameworks */ = {isa = PBXBuildFile; fileRef = 4CA4380C1D93C2985090644F /* Pods_SurRoundTests.framework */; };
		A078A017AD033AFF50C5C4B7 /* Pods_SurRoundUITests.framework in Frameworks */ = {isa = PBXBuildFile; fileRef = 253A10C56E3CBE6F2A4E48AA /* Pods_SurRoundUITests.framework */; };
		D3086B6E23DB57E80071F378 /* AuthManager.swift in Sources */ = {isa = PBXBuildFile; fileRef = D3086B6D23DB57E80071F378 /* AuthManager.swift */; };
		D3086B7023DB59950071F378 /* UserManager.swift in Sources */ = {isa = PBXBuildFile; fileRef = D3086B6F23DB59950071F378 /* UserManager.swift */; };
		D3086B7223DB5DD50071F378 /* UserModel.swift in Sources */ = {isa = PBXBuildFile; fileRef = D3086B7123DB5DD50071F378 /* UserModel.swift */; };
		D3086B7523DB763A0071F378 /* HomeViewController.swift in Sources */ = {isa = PBXBuildFile; fileRef = D3086B7423DB763A0071F378 /* HomeViewController.swift */; };
		D3086B7A23DB89E90071F378 /* Post.storyboard in Resources */ = {isa = PBXBuildFile; fileRef = D3086B7823DB89E90071F378 /* Post.storyboard */; };
		D3086B7D23DB8A830071F378 /* PostContentViewController.swift in Sources */ = {isa = PBXBuildFile; fileRef = D3086B7C23DB8A830071F378 /* PostContentViewController.swift */; };
		D3086B8323DC83110071F378 /* CreatePostViewController.swift in Sources */ = {isa = PBXBuildFile; fileRef = D3086B8223DC83110071F378 /* CreatePostViewController.swift */; };
		D3086B8623DC85550071F378 /* PostContentView.swift in Sources */ = {isa = PBXBuildFile; fileRef = D3086B8523DC85550071F378 /* PostContentView.swift */; };
		D3086B8C23DC8E7B0071F378 /* Constant.swift in Sources */ = {isa = PBXBuildFile; fileRef = D3086B8B23DC8E7B0071F378 /* Constant.swift */; };
		D3086B8F23DC9D3A0071F378 /* LocationTableViewCell.swift in Sources */ = {isa = PBXBuildFile; fileRef = D3086B8D23DC9D3A0071F378 /* LocationTableViewCell.swift */; };
		D3086B9023DC9D3A0071F378 /* LocationTableViewCell.xib in Resources */ = {isa = PBXBuildFile; fileRef = D3086B8E23DC9D3A0071F378 /* LocationTableViewCell.xib */; };
		D3086B9323DCA0940071F378 /* BodyTableViewCell.swift in Sources */ = {isa = PBXBuildFile; fileRef = D3086B9123DCA0940071F378 /* BodyTableViewCell.swift */; };
		D3086B9423DCA0940071F378 /* BodyTableViewCell.xib in Resources */ = {isa = PBXBuildFile; fileRef = D3086B9223DCA0940071F378 /* BodyTableViewCell.xib */; };
		D3086B9623DCA2160071F378 /* UITableView+Extension.swift in Sources */ = {isa = PBXBuildFile; fileRef = D3086B9523DCA2160071F378 /* UITableView+Extension.swift */; };
		D32022DD23DAA8310057EB24 /* SignUpViewController.swift in Sources */ = {isa = PBXBuildFile; fileRef = D32022DC23DAA8310057EB24 /* SignUpViewController.swift */; };
		D335D5DF23DEA9500021B461 /* SRAuthButton.swift in Sources */ = {isa = PBXBuildFile; fileRef = D335D5DE23DEA9500021B461 /* SRAuthButton.swift */; };
		D335D5E123DEB4FF0021B461 /* WelcomeViewController.swift in Sources */ = {isa = PBXBuildFile; fileRef = D335D5E023DEB4FF0021B461 /* WelcomeViewController.swift */; };
		D3552B2B23DF34D700453FAA /* NewPostTextViewCell.swift in Sources */ = {isa = PBXBuildFile; fileRef = D3552B2923DF34D700453FAA /* NewPostTextViewCell.swift */; };
		D3552B2C23DF34D700453FAA /* NewPostTextViewCell.xib in Resources */ = {isa = PBXBuildFile; fileRef = D3552B2A23DF34D700453FAA /* NewPostTextViewCell.xib */; };
		D3552B3323DF359500453FAA /* NewPostMediaCell.swift in Sources */ = {isa = PBXBuildFile; fileRef = D3552B3123DF359500453FAA /* NewPostMediaCell.swift */; };
		D3552B3423DF359500453FAA /* NewPostMediaCell.xib in Resources */ = {isa = PBXBuildFile; fileRef = D3552B3223DF359500453FAA /* NewPostMediaCell.xib */; };
		D3552B3623DF362100453FAA /* UserInfoSectionHeader.swift in Sources */ = {isa = PBXBuildFile; fileRef = D3552B3523DF362100453FAA /* UserInfoSectionHeader.swift */; };
		D3552B3823DF364500453FAA /* UserInfoSectionHeader.xib in Resources */ = {isa = PBXBuildFile; fileRef = D3552B3723DF364500453FAA /* UserInfoSectionHeader.xib */; };
		D35C488F23CF352B000951D2 /* AppDelegate.swift in Sources */ = {isa = PBXBuildFile; fileRef = D35C488E23CF352B000951D2 /* AppDelegate.swift */; };
		D35C489623CF352B000951D2 /* Main.storyboard in Resources */ = {isa = PBXBuildFile; fileRef = D35C489423CF352B000951D2 /* Main.storyboard */; };
		D35C489823CF352E000951D2 /* Assets.xcassets in Resources */ = {isa = PBXBuildFile; fileRef = D35C489723CF352E000951D2 /* Assets.xcassets */; };
		D35C489B23CF352E000951D2 /* LaunchScreen.storyboard in Resources */ = {isa = PBXBuildFile; fileRef = D35C489923CF352E000951D2 /* LaunchScreen.storyboard */; };
		D35C48A623CF352E000951D2 /* SurRoundTests.swift in Sources */ = {isa = PBXBuildFile; fileRef = D35C48A523CF352E000951D2 /* SurRoundTests.swift */; };
		D35C48B123CF352E000951D2 /* SurRoundUITests.swift in Sources */ = {isa = PBXBuildFile; fileRef = D35C48B023CF352E000951D2 /* SurRoundUITests.swift */; };
		D364978223D816370078C4E0 /* HomeNavController.swift in Sources */ = {isa = PBXBuildFile; fileRef = D364978123D816370078C4E0 /* HomeNavController.swift */; };
		D364978523D82B720078C4E0 /* KingfisherWrapper.swift in Sources */ = {isa = PBXBuildFile; fileRef = D364978423D82B720078C4E0 /* KingfisherWrapper.swift */; };
		D3850D7C23DAC5FC008F1F7E /* JGProgressHUDWrapper.swift in Sources */ = {isa = PBXBuildFile; fileRef = D3850D7B23DAC5FC008F1F7E /* JGProgressHUDWrapper.swift */; };
		D3850D7E23DAD879008F1F7E /* UIWindow+Extension.swift in Sources */ = {isa = PBXBuildFile; fileRef = D3850D7D23DAD879008F1F7E /* UIWindow+Extension.swift */; };
		D3949AF823D9A81E006DA9AA /* Auth.storyboard in Resources */ = {isa = PBXBuildFile; fileRef = D3949AF623D9A81E006DA9AA /* Auth.storyboard */; };
		D3949AFB23D9A912006DA9AA /* Create.storyboard in Resources */ = {isa = PBXBuildFile; fileRef = D3949AF923D9A912006DA9AA /* Create.storyboard */; };
		D3949AFE23D9AB65006DA9AA /* SRAuthTextField.swift in Sources */ = {isa = PBXBuildFile; fileRef = D3949AFD23D9AB65006DA9AA /* SRAuthTextField.swift */; };
		D3949B0123D9ACBB006DA9AA /* SignInViewController.swift in Sources */ = {isa = PBXBuildFile; fileRef = D3949B0023D9ACBB006DA9AA /* SignInViewController.swift */; };
		D3949B0323D9AE12006DA9AA /* InvisibleNavController.swift in Sources */ = {isa = PBXBuildFile; fileRef = D3949B0223D9AE12006DA9AA /* InvisibleNavController.swift */; };
		D3949B0523D9B07B006DA9AA /* UIView+Extension.swift in Sources */ = {isa = PBXBuildFile; fileRef = D3949B0423D9B07B006DA9AA /* UIView+Extension.swift */; };
		D39997EB23DAE43B00595B2F /* GoogleService-Info.plist in Resources */ = {isa = PBXBuildFile; fileRef = D39997EA23DAE43B00595B2F /* GoogleService-Info.plist */; };
		D39997ED23DB487B00595B2F /* UITextField+Extension.swift in Sources */ = {isa = PBXBuildFile; fileRef = D39997EC23DB487B00595B2F /* UITextField+Extension.swift */; };
		D39997EF23DB4DBD00595B2F /* UILabel+Extension.swift in Sources */ = {isa = PBXBuildFile; fileRef = D39997EE23DB4DBD00595B2F /* UILabel+Extension.swift */; };
		D39997F323DB4FD000595B2F /* AuthInputCategory.swift in Sources */ = {isa = PBXBuildFile; fileRef = D39997F223DB4FD000595B2F /* AuthInputCategory.swift */; };
		D39A754223D5DACF00A20879 /* SRTabBarController.swift in Sources */ = {isa = PBXBuildFile; fileRef = D39A754123D5DACF00A20879 /* SRTabBarController.swift */; };
		D39A754523D5E30600A20879 /* Home.storyboard in Resources */ = {isa = PBXBuildFile; fileRef = D39A754323D5E30600A20879 /* Home.storyboard */; };
		D39A754923D5E3A200A20879 /* Explore.storyboard in Resources */ = {isa = PBXBuildFile; fileRef = D39A754723D5E3A200A20879 /* Explore.storyboard */; };
		D39A754C23D5E3E700A20879 /* Message.storyboard in Resources */ = {isa = PBXBuildFile; fileRef = D39A754A23D5E3E700A20879 /* Message.storyboard */; };
		D39A754F23D5E44100A20879 /* Profile.storyboard in Resources */ = {isa = PBXBuildFile; fileRef = D39A754D23D5E44100A20879 /* Profile.storyboard */; };
		D39A755223D5E57F00A20879 /* UIStoryboard+Extension.swift in Sources */ = {isa = PBXBuildFile; fileRef = D39A755123D5E57F00A20879 /* UIStoryboard+Extension.swift */; };
		D39A755623D5E85C00A20879 /* UIImage+Extension.swift in Sources */ = {isa = PBXBuildFile; fileRef = D39A755523D5E85C00A20879 /* UIImage+Extension.swift */; };
		D39A755823D5FFD000A20879 /* UIColor+Extension.swift in Sources */ = {isa = PBXBuildFile; fileRef = D39A755723D5FFD000A20879 /* UIColor+Extension.swift */; };
		E4B97A8690B7E157BF297F0B /* Pods_SurRound.framework in Frameworks */ = {isa = PBXBuildFile; fileRef = A1C511EBAFDB457C3847BD75 /* Pods_SurRound.framework */; };
/* End PBXBuildFile section */

/* Begin PBXContainerItemProxy section */
		D35C48A223CF352E000951D2 /* PBXContainerItemProxy */ = {
			isa = PBXContainerItemProxy;
			containerPortal = D35C488323CF352B000951D2 /* Project object */;
			proxyType = 1;
			remoteGlobalIDString = D35C488A23CF352B000951D2;
			remoteInfo = SurRound;
		};
		D35C48AD23CF352E000951D2 /* PBXContainerItemProxy */ = {
			isa = PBXContainerItemProxy;
			containerPortal = D35C488323CF352B000951D2 /* Project object */;
			proxyType = 1;
			remoteGlobalIDString = D35C488A23CF352B000951D2;
			remoteInfo = SurRound;
		};
/* End PBXContainerItemProxy section */

/* Begin PBXFileReference section */
		01B53233B7AB8C94F499A9F9 /* Pods-SurRound.debug.xcconfig */ = {isa = PBXFileReference; includeInIndex = 1; lastKnownFileType = text.xcconfig; name = "Pods-SurRound.debug.xcconfig"; path = "Target Support Files/Pods-SurRound/Pods-SurRound.debug.xcconfig"; sourceTree = "<group>"; };
		253A10C56E3CBE6F2A4E48AA /* Pods_SurRoundUITests.framework */ = {isa = PBXFileReference; explicitFileType = wrapper.framework; includeInIndex = 0; path = Pods_SurRoundUITests.framework; sourceTree = BUILT_PRODUCTS_DIR; };
		2A8CF5E8C0DE123CE13274A7 /* Pods-SurRound-SurRoundUITests.release.xcconfig */ = {isa = PBXFileReference; includeInIndex = 1; lastKnownFileType = text.xcconfig; name = "Pods-SurRound-SurRoundUITests.release.xcconfig"; path = "Target Support Files/Pods-SurRound-SurRoundUITests/Pods-SurRound-SurRoundUITests.release.xcconfig"; sourceTree = "<group>"; };
		3A3EC7D8C5C35F2AF098441B /* Pods-SurRoundTests.release.xcconfig */ = {isa = PBXFileReference; includeInIndex = 1; lastKnownFileType = text.xcconfig; name = "Pods-SurRoundTests.release.xcconfig"; path = "Target Support Files/Pods-SurRoundTests/Pods-SurRoundTests.release.xcconfig"; sourceTree = "<group>"; };
		4CA4380C1D93C2985090644F /* Pods_SurRoundTests.framework */ = {isa = PBXFileReference; explicitFileType = wrapper.framework; includeInIndex = 0; path = Pods_SurRoundTests.framework; sourceTree = BUILT_PRODUCTS_DIR; };
		50845B35D9E73BA4B759989C /* Pods-SurRoundUITests.debug.xcconfig */ = {isa = PBXFileReference; includeInIndex = 1; lastKnownFileType = text.xcconfig; name = "Pods-SurRoundUITests.debug.xcconfig"; path = "Target Support Files/Pods-SurRoundUITests/Pods-SurRoundUITests.debug.xcconfig"; sourceTree = "<group>"; };
		5906DA275732D6F210B1BE9C /* Pods-SurRound.release.xcconfig */ = {isa = PBXFileReference; includeInIndex = 1; lastKnownFileType = text.xcconfig; name = "Pods-SurRound.release.xcconfig"; path = "Target Support Files/Pods-SurRound/Pods-SurRound.release.xcconfig"; sourceTree = "<group>"; };
		6947236A34D429003EC74666 /* Pods-SurRoundUITests.release.xcconfig */ = {isa = PBXFileReference; includeInIndex = 1; lastKnownFileType = text.xcconfig; name = "Pods-SurRoundUITests.release.xcconfig"; path = "Target Support Files/Pods-SurRoundUITests/Pods-SurRoundUITests.release.xcconfig"; sourceTree = "<group>"; };
		8EEF37FDB33146FC6FC83E90 /* Pods-SurRoundTests.debug.xcconfig */ = {isa = PBXFileReference; includeInIndex = 1; lastKnownFileType = text.xcconfig; name = "Pods-SurRoundTests.debug.xcconfig"; path = "Target Support Files/Pods-SurRoundTests/Pods-SurRoundTests.debug.xcconfig"; sourceTree = "<group>"; };
		934CDAF51DE8A38F689F9CA3 /* Pods-SurRound-SurRoundUITests.debug.xcconfig */ = {isa = PBXFileReference; includeInIndex = 1; lastKnownFileType = text.xcconfig; name = "Pods-SurRound-SurRoundUITests.debug.xcconfig"; path = "Target Support Files/Pods-SurRound-SurRoundUITests/Pods-SurRound-SurRoundUITests.debug.xcconfig"; sourceTree = "<group>"; };
		A1C511EBAFDB457C3847BD75 /* Pods_SurRound.framework */ = {isa = PBXFileReference; explicitFileType = wrapper.framework; includeInIndex = 0; path = Pods_SurRound.framework; sourceTree = BUILT_PRODUCTS_DIR; };
		D3086B6D23DB57E80071F378 /* AuthManager.swift */ = {isa = PBXFileReference; lastKnownFileType = sourcecode.swift; path = AuthManager.swift; sourceTree = "<group>"; };
		D3086B6F23DB59950071F378 /* UserManager.swift */ = {isa = PBXFileReference; lastKnownFileType = sourcecode.swift; path = UserManager.swift; sourceTree = "<group>"; };
		D3086B7123DB5DD50071F378 /* UserModel.swift */ = {isa = PBXFileReference; lastKnownFileType = sourcecode.swift; path = UserModel.swift; sourceTree = "<group>"; };
		D3086B7423DB763A0071F378 /* HomeViewController.swift */ = {isa = PBXFileReference; lastKnownFileType = sourcecode.swift; path = HomeViewController.swift; sourceTree = "<group>"; };
		D3086B7923DB89E90071F378 /* Base */ = {isa = PBXFileReference; lastKnownFileType = file.storyboard; name = Base; path = Base.lproj/Post.storyboard; sourceTree = "<group>"; };
		D3086B7C23DB8A830071F378 /* PostContentViewController.swift */ = {isa = PBXFileReference; lastKnownFileType = sourcecode.swift; path = PostContentViewController.swift; sourceTree = "<group>"; };
		D3086B8223DC83110071F378 /* CreatePostViewController.swift */ = {isa = PBXFileReference; lastKnownFileType = sourcecode.swift; path = CreatePostViewController.swift; sourceTree = "<group>"; };
		D3086B8523DC85550071F378 /* PostContentView.swift */ = {isa = PBXFileReference; lastKnownFileType = sourcecode.swift; path = PostContentView.swift; sourceTree = "<group>"; };
		D3086B8B23DC8E7B0071F378 /* Constant.swift */ = {isa = PBXFileReference; lastKnownFileType = sourcecode.swift; path = Constant.swift; sourceTree = "<group>"; };
		D3086B8D23DC9D3A0071F378 /* LocationTableViewCell.swift */ = {isa = PBXFileReference; lastKnownFileType = sourcecode.swift; path = LocationTableViewCell.swift; sourceTree = "<group>"; };
		D3086B8E23DC9D3A0071F378 /* LocationTableViewCell.xib */ = {isa = PBXFileReference; lastKnownFileType = file.xib; path = LocationTableViewCell.xib; sourceTree = "<group>"; };
		D3086B9123DCA0940071F378 /* BodyTableViewCell.swift */ = {isa = PBXFileReference; lastKnownFileType = sourcecode.swift; path = BodyTableViewCell.swift; sourceTree = "<group>"; };
		D3086B9223DCA0940071F378 /* BodyTableViewCell.xib */ = {isa = PBXFileReference; lastKnownFileType = file.xib; path = BodyTableViewCell.xib; sourceTree = "<group>"; };
		D3086B9523DCA2160071F378 /* UITableView+Extension.swift */ = {isa = PBXFileReference; lastKnownFileType = sourcecode.swift; path = "UITableView+Extension.swift"; sourceTree = "<group>"; };
		D32022DC23DAA8310057EB24 /* SignUpViewController.swift */ = {isa = PBXFileReference; lastKnownFileType = sourcecode.swift; path = SignUpViewController.swift; sourceTree = "<group>"; };
		D335D5DE23DEA9500021B461 /* SRAuthButton.swift */ = {isa = PBXFileReference; lastKnownFileType = sourcecode.swift; path = SRAuthButton.swift; sourceTree = "<group>"; };
		D335D5E023DEB4FF0021B461 /* WelcomeViewController.swift */ = {isa = PBXFileReference; lastKnownFileType = sourcecode.swift; path = WelcomeViewController.swift; sourceTree = "<group>"; };
		D3552B2923DF34D700453FAA /* NewPostTextViewCell.swift */ = {isa = PBXFileReference; lastKnownFileType = sourcecode.swift; path = NewPostTextViewCell.swift; sourceTree = "<group>"; };
		D3552B2A23DF34D700453FAA /* NewPostTextViewCell.xib */ = {isa = PBXFileReference; lastKnownFileType = file.xib; path = NewPostTextViewCell.xib; sourceTree = "<group>"; };
		D3552B3123DF359500453FAA /* NewPostMediaCell.swift */ = {isa = PBXFileReference; lastKnownFileType = sourcecode.swift; path = NewPostMediaCell.swift; sourceTree = "<group>"; };
		D3552B3223DF359500453FAA /* NewPostMediaCell.xib */ = {isa = PBXFileReference; lastKnownFileType = file.xib; path = NewPostMediaCell.xib; sourceTree = "<group>"; };
		D3552B3523DF362100453FAA /* UserInfoSectionHeader.swift */ = {isa = PBXFileReference; lastKnownFileType = sourcecode.swift; path = UserInfoSectionHeader.swift; sourceTree = "<group>"; };
		D3552B3723DF364500453FAA /* UserInfoSectionHeader.xib */ = {isa = PBXFileReference; lastKnownFileType = file.xib; path = UserInfoSectionHeader.xib; sourceTree = "<group>"; };
		D35C488B23CF352B000951D2 /* SurRound.app */ = {isa = PBXFileReference; explicitFileType = wrapper.application; includeInIndex = 0; path = SurRound.app; sourceTree = BUILT_PRODUCTS_DIR; };
		D35C488E23CF352B000951D2 /* AppDelegate.swift */ = {isa = PBXFileReference; lastKnownFileType = sourcecode.swift; path = AppDelegate.swift; sourceTree = "<group>"; };
		D35C489523CF352B000951D2 /* Base */ = {isa = PBXFileReference; lastKnownFileType = file.storyboard; name = Base; path = Base.lproj/Main.storyboard; sourceTree = "<group>"; };
		D35C489723CF352E000951D2 /* Assets.xcassets */ = {isa = PBXFileReference; lastKnownFileType = folder.assetcatalog; path = Assets.xcassets; sourceTree = "<group>"; };
		D35C489A23CF352E000951D2 /* Base */ = {isa = PBXFileReference; lastKnownFileType = file.storyboard; name = Base; path = Base.lproj/LaunchScreen.storyboard; sourceTree = "<group>"; };
		D35C489C23CF352E000951D2 /* Info.plist */ = {isa = PBXFileReference; lastKnownFileType = text.plist.xml; path = Info.plist; sourceTree = "<group>"; };
		D35C48A123CF352E000951D2 /* SurRoundTests.xctest */ = {isa = PBXFileReference; explicitFileType = wrapper.cfbundle; includeInIndex = 0; path = SurRoundTests.xctest; sourceTree = BUILT_PRODUCTS_DIR; };
		D35C48A523CF352E000951D2 /* SurRoundTests.swift */ = {isa = PBXFileReference; lastKnownFileType = sourcecode.swift; path = SurRoundTests.swift; sourceTree = "<group>"; };
		D35C48A723CF352E000951D2 /* Info.plist */ = {isa = PBXFileReference; lastKnownFileType = text.plist.xml; path = Info.plist; sourceTree = "<group>"; };
		D35C48AC23CF352E000951D2 /* SurRoundUITests.xctest */ = {isa = PBXFileReference; explicitFileType = wrapper.cfbundle; includeInIndex = 0; path = SurRoundUITests.xctest; sourceTree = BUILT_PRODUCTS_DIR; };
		D35C48B023CF352E000951D2 /* SurRoundUITests.swift */ = {isa = PBXFileReference; lastKnownFileType = sourcecode.swift; path = SurRoundUITests.swift; sourceTree = "<group>"; };
		D35C48B223CF352E000951D2 /* Info.plist */ = {isa = PBXFileReference; lastKnownFileType = text.plist.xml; path = Info.plist; sourceTree = "<group>"; };
		D364978123D816370078C4E0 /* HomeNavController.swift */ = {isa = PBXFileReference; lastKnownFileType = sourcecode.swift; path = HomeNavController.swift; sourceTree = "<group>"; };
		D364978423D82B720078C4E0 /* KingfisherWrapper.swift */ = {isa = PBXFileReference; lastKnownFileType = sourcecode.swift; path = KingfisherWrapper.swift; sourceTree = "<group>"; };
		D3850D7B23DAC5FC008F1F7E /* JGProgressHUDWrapper.swift */ = {isa = PBXFileReference; lastKnownFileType = sourcecode.swift; path = JGProgressHUDWrapper.swift; sourceTree = "<group>"; };
		D3850D7D23DAD879008F1F7E /* UIWindow+Extension.swift */ = {isa = PBXFileReference; lastKnownFileType = sourcecode.swift; path = "UIWindow+Extension.swift"; sourceTree = "<group>"; };
		D3949AF723D9A81E006DA9AA /* Base */ = {isa = PBXFileReference; lastKnownFileType = file.storyboard; name = Base; path = Base.lproj/Auth.storyboard; sourceTree = "<group>"; };
		D3949AFA23D9A912006DA9AA /* Base */ = {isa = PBXFileReference; lastKnownFileType = file.storyboard; name = Base; path = Base.lproj/Create.storyboard; sourceTree = "<group>"; };
		D3949AFD23D9AB65006DA9AA /* SRAuthTextField.swift */ = {isa = PBXFileReference; lastKnownFileType = sourcecode.swift; path = SRAuthTextField.swift; sourceTree = "<group>"; };
		D3949B0023D9ACBB006DA9AA /* SignInViewController.swift */ = {isa = PBXFileReference; lastKnownFileType = sourcecode.swift; path = SignInViewController.swift; sourceTree = "<group>"; };
		D3949B0223D9AE12006DA9AA /* InvisibleNavController.swift */ = {isa = PBXFileReference; lastKnownFileType = sourcecode.swift; path = InvisibleNavController.swift; sourceTree = "<group>"; };
		D3949B0423D9B07B006DA9AA /* UIView+Extension.swift */ = {isa = PBXFileReference; lastKnownFileType = sourcecode.swift; path = "UIView+Extension.swift"; sourceTree = "<group>"; };
		D39997EA23DAE43B00595B2F /* GoogleService-Info.plist */ = {isa = PBXFileReference; lastKnownFileType = text.plist; name = "GoogleService-Info.plist"; path = "SurRound/GoogleService-Info.plist"; sourceTree = SOURCE_ROOT; };
		D39997EC23DB487B00595B2F /* UITextField+Extension.swift */ = {isa = PBXFileReference; lastKnownFileType = sourcecode.swift; path = "UITextField+Extension.swift"; sourceTree = "<group>"; };
		D39997EE23DB4DBD00595B2F /* UILabel+Extension.swift */ = {isa = PBXFileReference; lastKnownFileType = sourcecode.swift; path = "UILabel+Extension.swift"; sourceTree = "<group>"; };
		D39997F223DB4FD000595B2F /* AuthInputCategory.swift */ = {isa = PBXFileReference; lastKnownFileType = sourcecode.swift; path = AuthInputCategory.swift; sourceTree = "<group>"; };
		D39A754123D5DACF00A20879 /* SRTabBarController.swift */ = {isa = PBXFileReference; lastKnownFileType = sourcecode.swift; path = SRTabBarController.swift; sourceTree = "<group>"; };
		D39A754423D5E30600A20879 /* Base */ = {isa = PBXFileReference; lastKnownFileType = file.storyboard; name = Base; path = Base.lproj/Home.storyboard; sourceTree = "<group>"; };
		D39A754823D5E3A200A20879 /* Base */ = {isa = PBXFileReference; lastKnownFileType = file.storyboard; name = Base; path = Base.lproj/Explore.storyboard; sourceTree = "<group>"; };
		D39A754B23D5E3E700A20879 /* Base */ = {isa = PBXFileReference; lastKnownFileType = file.storyboard; name = Base; path = Base.lproj/Message.storyboard; sourceTree = "<group>"; };
		D39A754E23D5E44100A20879 /* Base */ = {isa = PBXFileReference; lastKnownFileType = file.storyboard; name = Base; path = Base.lproj/Profile.storyboard; sourceTree = "<group>"; };
		D39A755123D5E57F00A20879 /* UIStoryboard+Extension.swift */ = {isa = PBXFileReference; lastKnownFileType = sourcecode.swift; path = "UIStoryboard+Extension.swift"; sourceTree = "<group>"; };
		D39A755523D5E85C00A20879 /* UIImage+Extension.swift */ = {isa = PBXFileReference; lastKnownFileType = sourcecode.swift; path = "UIImage+Extension.swift"; sourceTree = "<group>"; };
		D39A755723D5FFD000A20879 /* UIColor+Extension.swift */ = {isa = PBXFileReference; lastKnownFileType = sourcecode.swift; path = "UIColor+Extension.swift"; sourceTree = "<group>"; };
/* End PBXFileReference section */

/* Begin PBXFrameworksBuildPhase section */
		D35C488823CF352B000951D2 /* Frameworks */ = {
			isa = PBXFrameworksBuildPhase;
			buildActionMask = 2147483647;
			files = (
				E4B97A8690B7E157BF297F0B /* Pods_SurRound.framework in Frameworks */,
			);
			runOnlyForDeploymentPostprocessing = 0;
		};
		D35C489E23CF352E000951D2 /* Frameworks */ = {
			isa = PBXFrameworksBuildPhase;
			buildActionMask = 2147483647;
			files = (
				564A824FFB57AA129F675756 /* Pods_SurRoundTests.framework in Frameworks */,
			);
			runOnlyForDeploymentPostprocessing = 0;
		};
		D35C48A923CF352E000951D2 /* Frameworks */ = {
			isa = PBXFrameworksBuildPhase;
			buildActionMask = 2147483647;
			files = (
				A078A017AD033AFF50C5C4B7 /* Pods_SurRoundUITests.framework in Frameworks */,
			);
			runOnlyForDeploymentPostprocessing = 0;
		};
/* End PBXFrameworksBuildPhase section */

/* Begin PBXGroup section */
		3D2503A0D4B108BA23B015BF /* Frameworks */ = {
			isa = PBXGroup;
			children = (
				A1C511EBAFDB457C3847BD75 /* Pods_SurRound.framework */,
				4CA4380C1D93C2985090644F /* Pods_SurRoundTests.framework */,
				253A10C56E3CBE6F2A4E48AA /* Pods_SurRoundUITests.framework */,
			);
			name = Frameworks;
			sourceTree = "<group>";
		};
		B6AEF570355B0B7E8A70D414 /* Pods */ = {
			isa = PBXGroup;
			children = (
				01B53233B7AB8C94F499A9F9 /* Pods-SurRound.debug.xcconfig */,
				5906DA275732D6F210B1BE9C /* Pods-SurRound.release.xcconfig */,
				934CDAF51DE8A38F689F9CA3 /* Pods-SurRound-SurRoundUITests.debug.xcconfig */,
				2A8CF5E8C0DE123CE13274A7 /* Pods-SurRound-SurRoundUITests.release.xcconfig */,
				8EEF37FDB33146FC6FC83E90 /* Pods-SurRoundTests.debug.xcconfig */,
				3A3EC7D8C5C35F2AF098441B /* Pods-SurRoundTests.release.xcconfig */,
				50845B35D9E73BA4B759989C /* Pods-SurRoundUITests.debug.xcconfig */,
				6947236A34D429003EC74666 /* Pods-SurRoundUITests.release.xcconfig */,
			);
			path = Pods;
			sourceTree = "<group>";
		};
		D3086B7323DB76270071F378 /* Home */ = {
			isa = PBXGroup;
			children = (
				D364978123D816370078C4E0 /* HomeNavController.swift */,
				D3086B7423DB763A0071F378 /* HomeViewController.swift */,
			);
			path = Home;
			sourceTree = "<group>";
		};
		D3086B7B23DB8A480071F378 /* Post */ = {
			isa = PBXGroup;
			children = (
				D3086B7C23DB8A830071F378 /* PostContentViewController.swift */,
			);
			path = Post;
			sourceTree = "<group>";
		};
		D3086B7E23DC81C00071F378 /* Create */ = {
			isa = PBXGroup;
			children = (
				D3949AF923D9A912006DA9AA /* Create.storyboard */,
				D3552B2923DF34D700453FAA /* NewPostTextViewCell.swift */,
				D3552B2A23DF34D700453FAA /* NewPostTextViewCell.xib */,
				D3552B3123DF359500453FAA /* NewPostMediaCell.swift */,
				D3552B3223DF359500453FAA /* NewPostMediaCell.xib */,
				D3552B3523DF362100453FAA /* UserInfoSectionHeader.swift */,
				D3552B3723DF364500453FAA /* UserInfoSectionHeader.xib */,
			);
			path = Create;
			sourceTree = "<group>";
		};
		D3086B8123DC82D40071F378 /* Create */ = {
			isa = PBXGroup;
			children = (
				D3086B8223DC83110071F378 /* CreatePostViewController.swift */,
			);
			path = Create;
			sourceTree = "<group>";
		};
		D3086B8423DC85320071F378 /* Post */ = {
			isa = PBXGroup;
			children = (
				D3086B8523DC85550071F378 /* PostContentView.swift */,
				D3086B7823DB89E90071F378 /* Post.storyboard */,
				D3086B8D23DC9D3A0071F378 /* LocationTableViewCell.swift */,
				D3086B8E23DC9D3A0071F378 /* LocationTableViewCell.xib */,
				D3086B9123DCA0940071F378 /* BodyTableViewCell.swift */,
				D3086B9223DCA0940071F378 /* BodyTableViewCell.xib */,
			);
			path = Post;
			sourceTree = "<group>";
		};
		D3086B8A23DC8E6D0071F378 /* Helper */ = {
			isa = PBXGroup;
			children = (
				D3086B8B23DC8E7B0071F378 /* Constant.swift */,
			);
			path = Helper;
			sourceTree = "<group>";
		};
		D35C488223CF352B000951D2 = {
			isa = PBXGroup;
			children = (
				D35C488D23CF352B000951D2 /* SurRound */,
				D35C48A423CF352E000951D2 /* SurRoundTests */,
				D35C48AF23CF352E000951D2 /* SurRoundUITests */,
				D35C488C23CF352B000951D2 /* Products */,
				B6AEF570355B0B7E8A70D414 /* Pods */,
				3D2503A0D4B108BA23B015BF /* Frameworks */,
			);
			sourceTree = "<group>";
		};
		D35C488C23CF352B000951D2 /* Products */ = {
			isa = PBXGroup;
			children = (
				D35C488B23CF352B000951D2 /* SurRound.app */,
				D35C48A123CF352E000951D2 /* SurRoundTests.xctest */,
				D35C48AC23CF352E000951D2 /* SurRoundUITests.xctest */,
			);
			name = Products;
			sourceTree = "<group>";
		};
		D35C488D23CF352B000951D2 /* SurRound */ = {
			isa = PBXGroup;
			children = (
				D3086B8A23DC8E6D0071F378 /* Helper */,
				D364978323D82B4D0078C4E0 /* Third Party Wrapper */,
				D39A755023D5E50400A20879 /* Extension */,
				D39997F023DB4F9F00595B2F /* Model */,
				D39A755323D5E6E800A20879 /* Controller */,
				D39A754623D5E36F00A20879 /* View */,
				D35C488E23CF352B000951D2 /* AppDelegate.swift */,
				D39997EA23DAE43B00595B2F /* GoogleService-Info.plist */,
				D35C489C23CF352E000951D2 /* Info.plist */,
				D35C489723CF352E000951D2 /* Assets.xcassets */,
			);
			path = SurRound;
			sourceTree = "<group>";
		};
		D35C48A423CF352E000951D2 /* SurRoundTests */ = {
			isa = PBXGroup;
			children = (
				D35C48A523CF352E000951D2 /* SurRoundTests.swift */,
				D35C48A723CF352E000951D2 /* Info.plist */,
			);
			path = SurRoundTests;
			sourceTree = "<group>";
		};
		D35C48AF23CF352E000951D2 /* SurRoundUITests */ = {
			isa = PBXGroup;
			children = (
				D35C48B023CF352E000951D2 /* SurRoundUITests.swift */,
				D35C48B223CF352E000951D2 /* Info.plist */,
			);
			path = SurRoundUITests;
			sourceTree = "<group>";
		};
		D364978323D82B4D0078C4E0 /* Third Party Wrapper */ = {
			isa = PBXGroup;
			children = (
				D364978423D82B720078C4E0 /* KingfisherWrapper.swift */,
				D3850D7B23DAC5FC008F1F7E /* JGProgressHUDWrapper.swift */,
			);
			path = "Third Party Wrapper";
			sourceTree = "<group>";
		};
		D3949AFC23D9AB28006DA9AA /* Home */ = {
			isa = PBXGroup;
			children = (
				D39A754323D5E30600A20879 /* Home.storyboard */,
			);
			path = Home;
			sourceTree = "<group>";
		};
		D3949AFF23D9AC8D006DA9AA /* Auth */ = {
			isa = PBXGroup;
			children = (
				D335D5E023DEB4FF0021B461 /* WelcomeViewController.swift */,
				D3949B0023D9ACBB006DA9AA /* SignInViewController.swift */,
				D32022DC23DAA8310057EB24 /* SignUpViewController.swift */,
			);
			path = Auth;
			sourceTree = "<group>";
		};
		D39997F023DB4F9F00595B2F /* Model */ = {
			isa = PBXGroup;
			children = (
				D39997F123DB4FB600595B2F /* Auth */,
			);
			path = Model;
			sourceTree = "<group>";
		};
		D39997F123DB4FB600595B2F /* Auth */ = {
			isa = PBXGroup;
			children = (
				D39997F223DB4FD000595B2F /* AuthInputCategory.swift */,
				D3086B6D23DB57E80071F378 /* AuthManager.swift */,
				D3086B6F23DB59950071F378 /* UserManager.swift */,
				D3086B7123DB5DD50071F378 /* UserModel.swift */,
			);
			path = Auth;
			sourceTree = "<group>";
		};
		D39997F423DB510800595B2F /* Auth */ = {
			isa = PBXGroup;
			children = (
				D335D5DE23DEA9500021B461 /* SRAuthButton.swift */,
				D3949AFD23D9AB65006DA9AA /* SRAuthTextField.swift */,
				D3949AF623D9A81E006DA9AA /* Auth.storyboard */,
			);
			path = Auth;
			sourceTree = "<group>";
		};
		D39A754623D5E36F00A20879 /* View */ = {
			isa = PBXGroup;
			children = (
				D3086B8423DC85320071F378 /* Post */,
				D3086B7E23DC81C00071F378 /* Create */,
				D39997F423DB510800595B2F /* Auth */,
				D3949AFC23D9AB28006DA9AA /* Home */,
				D39A754723D5E3A200A20879 /* Explore.storyboard */,
				D39A754A23D5E3E700A20879 /* Message.storyboard */,
				D39A754D23D5E44100A20879 /* Profile.storyboard */,
				D35C489423CF352B000951D2 /* Main.storyboard */,
				D35C489923CF352E000951D2 /* LaunchScreen.storyboard */,
			);
			path = View;
			sourceTree = "<group>";
		};
		D39A755023D5E50400A20879 /* Extension */ = {
			isa = PBXGroup;
			children = (
				D39A755123D5E57F00A20879 /* UIStoryboard+Extension.swift */,
				D39A755523D5E85C00A20879 /* UIImage+Extension.swift */,
				D39A755723D5FFD000A20879 /* UIColor+Extension.swift */,
				D3949B0423D9B07B006DA9AA /* UIView+Extension.swift */,
				D3850D7D23DAD879008F1F7E /* UIWindow+Extension.swift */,
				D39997EC23DB487B00595B2F /* UITextField+Extension.swift */,
				D39997EE23DB4DBD00595B2F /* UILabel+Extension.swift */,
				D3086B9523DCA2160071F378 /* UITableView+Extension.swift */,
			);
			path = Extension;
			sourceTree = "<group>";
		};
		D39A755323D5E6E800A20879 /* Controller */ = {
			isa = PBXGroup;
			children = (
				D3086B7B23DB8A480071F378 /* Post */,
				D3086B8123DC82D40071F378 /* Create */,
				D3086B7323DB76270071F378 /* Home */,
				D3949AFF23D9AC8D006DA9AA /* Auth */,
				D39A755423D5E6F600A20879 /* Base */,
			);
			path = Controller;
			sourceTree = "<group>";
		};
		D39A755423D5E6F600A20879 /* Base */ = {
			isa = PBXGroup;
			children = (
				D39A754123D5DACF00A20879 /* SRTabBarController.swift */,
				D3949B0223D9AE12006DA9AA /* InvisibleNavController.swift */,
			);
			path = Base;
			sourceTree = "<group>";
		};
/* End PBXGroup section */

/* Begin PBXNativeTarget section */
		D35C488A23CF352B000951D2 /* SurRound */ = {
			isa = PBXNativeTarget;
			buildConfigurationList = D35C48B523CF352E000951D2 /* Build configuration list for PBXNativeTarget "SurRound" */;
			buildPhases = (
				CF688BF1B876761D3B2B70D8 /* [CP] Check Pods Manifest.lock */,
				D35C488723CF352B000951D2 /* Sources */,
				D35C488823CF352B000951D2 /* Frameworks */,
				D35C488923CF352B000951D2 /* Resources */,
				692B53D5FBA641CB1092CA4A /* [CP] Embed Pods Frameworks */,
				D3850D7A23DAC198008F1F7E /* SwiftLint */,
			);
			buildRules = (
			);
			dependencies = (
			);
			name = SurRound;
			productName = SurRound;
			productReference = D35C488B23CF352B000951D2 /* SurRound.app */;
			productType = "com.apple.product-type.application";
		};
		D35C48A023CF352E000951D2 /* SurRoundTests */ = {
			isa = PBXNativeTarget;
			buildConfigurationList = D35C48B823CF352E000951D2 /* Build configuration list for PBXNativeTarget "SurRoundTests" */;
			buildPhases = (
				5D2EA05BE2CF5DB04BDB7927 /* [CP] Check Pods Manifest.lock */,
				D35C489D23CF352E000951D2 /* Sources */,
				D35C489E23CF352E000951D2 /* Frameworks */,
				D35C489F23CF352E000951D2 /* Resources */,
			);
			buildRules = (
			);
			dependencies = (
				D35C48A323CF352E000951D2 /* PBXTargetDependency */,
			);
			name = SurRoundTests;
			productName = SurRoundTests;
			productReference = D35C48A123CF352E000951D2 /* SurRoundTests.xctest */;
			productType = "com.apple.product-type.bundle.unit-test";
		};
		D35C48AB23CF352E000951D2 /* SurRoundUITests */ = {
			isa = PBXNativeTarget;
			buildConfigurationList = D35C48BB23CF352E000951D2 /* Build configuration list for PBXNativeTarget "SurRoundUITests" */;
			buildPhases = (
				9E9FD4C9A2F67B6314F60281 /* [CP] Check Pods Manifest.lock */,
				D35C48A823CF352E000951D2 /* Sources */,
				D35C48A923CF352E000951D2 /* Frameworks */,
				D35C48AA23CF352E000951D2 /* Resources */,
			);
			buildRules = (
			);
			dependencies = (
				D35C48AE23CF352E000951D2 /* PBXTargetDependency */,
			);
			name = SurRoundUITests;
			productName = SurRoundUITests;
			productReference = D35C48AC23CF352E000951D2 /* SurRoundUITests.xctest */;
			productType = "com.apple.product-type.bundle.ui-testing";
		};
/* End PBXNativeTarget section */

/* Begin PBXProject section */
		D35C488323CF352B000951D2 /* Project object */ = {
			isa = PBXProject;
			attributes = {
				LastSwiftUpdateCheck = 1130;
				LastUpgradeCheck = 1130;
				ORGANIZATIONNAME = "Kai-Ta Hsieh";
				TargetAttributes = {
					D35C488A23CF352B000951D2 = {
						CreatedOnToolsVersion = 11.3.1;
					};
					D35C48A023CF352E000951D2 = {
						CreatedOnToolsVersion = 11.3.1;
						TestTargetID = D35C488A23CF352B000951D2;
					};
					D35C48AB23CF352E000951D2 = {
						CreatedOnToolsVersion = 11.3.1;
						TestTargetID = D35C488A23CF352B000951D2;
					};
				};
			};
			buildConfigurationList = D35C488623CF352B000951D2 /* Build configuration list for PBXProject "SurRound" */;
			compatibilityVersion = "Xcode 9.3";
			developmentRegion = en;
			hasScannedForEncodings = 0;
			knownRegions = (
				en,
				Base,
			);
			mainGroup = D35C488223CF352B000951D2;
			productRefGroup = D35C488C23CF352B000951D2 /* Products */;
			projectDirPath = "";
			projectRoot = "";
			targets = (
				D35C488A23CF352B000951D2 /* SurRound */,
				D35C48A023CF352E000951D2 /* SurRoundTests */,
				D35C48AB23CF352E000951D2 /* SurRoundUITests */,
			);
		};
/* End PBXProject section */

/* Begin PBXResourcesBuildPhase section */
		D35C488923CF352B000951D2 /* Resources */ = {
			isa = PBXResourcesBuildPhase;
			buildActionMask = 2147483647;
			files = (
				D3949AF823D9A81E006DA9AA /* Auth.storyboard in Resources */,
				D3949AFB23D9A912006DA9AA /* Create.storyboard in Resources */,
				D3086B9023DC9D3A0071F378 /* LocationTableViewCell.xib in Resources */,
				D35C489B23CF352E000951D2 /* LaunchScreen.storyboard in Resources */,
				D3552B3823DF364500453FAA /* UserInfoSectionHeader.xib in Resources */,
				D35C489823CF352E000951D2 /* Assets.xcassets in Resources */,
				D3086B7A23DB89E90071F378 /* Post.storyboard in Resources */,
				D39A754923D5E3A200A20879 /* Explore.storyboard in Resources */,
				D35C489623CF352B000951D2 /* Main.storyboard in Resources */,
				D3552B2C23DF34D700453FAA /* NewPostTextViewCell.xib in Resources */,
				D3086B9423DCA0940071F378 /* BodyTableViewCell.xib in Resources */,
				D39A754C23D5E3E700A20879 /* Message.storyboard in Resources */,
				D39997EB23DAE43B00595B2F /* GoogleService-Info.plist in Resources */,
				D39A754F23D5E44100A20879 /* Profile.storyboard in Resources */,
				D39A754523D5E30600A20879 /* Home.storyboard in Resources */,
				D3552B3423DF359500453FAA /* NewPostMediaCell.xib in Resources */,
			);
			runOnlyForDeploymentPostprocessing = 0;
		};
		D35C489F23CF352E000951D2 /* Resources */ = {
			isa = PBXResourcesBuildPhase;
			buildActionMask = 2147483647;
			files = (
			);
			runOnlyForDeploymentPostprocessing = 0;
		};
		D35C48AA23CF352E000951D2 /* Resources */ = {
			isa = PBXResourcesBuildPhase;
			buildActionMask = 2147483647;
			files = (
			);
			runOnlyForDeploymentPostprocessing = 0;
		};
/* End PBXResourcesBuildPhase section */

/* Begin PBXShellScriptBuildPhase section */
		5D2EA05BE2CF5DB04BDB7927 /* [CP] Check Pods Manifest.lock */ = {
			isa = PBXShellScriptBuildPhase;
			buildActionMask = 2147483647;
			files = (
			);
			inputFileListPaths = (
			);
			inputPaths = (
				"${PODS_PODFILE_DIR_PATH}/Podfile.lock",
				"${PODS_ROOT}/Manifest.lock",
			);
			name = "[CP] Check Pods Manifest.lock";
			outputFileListPaths = (
			);
			outputPaths = (
				"$(DERIVED_FILE_DIR)/Pods-SurRoundTests-checkManifestLockResult.txt",
			);
			runOnlyForDeploymentPostprocessing = 0;
			shellPath = /bin/sh;
			shellScript = "diff \"${PODS_PODFILE_DIR_PATH}/Podfile.lock\" \"${PODS_ROOT}/Manifest.lock\" > /dev/null\nif [ $? != 0 ] ; then\n    # print error to STDERR\n    echo \"error: The sandbox is not in sync with the Podfile.lock. Run 'pod install' or update your CocoaPods installation.\" >&2\n    exit 1\nfi\n# This output is used by Xcode 'outputs' to avoid re-running this script phase.\necho \"SUCCESS\" > \"${SCRIPT_OUTPUT_FILE_0}\"\n";
			showEnvVarsInLog = 0;
		};
		692B53D5FBA641CB1092CA4A /* [CP] Embed Pods Frameworks */ = {
			isa = PBXShellScriptBuildPhase;
			buildActionMask = 2147483647;
			files = (
			);
			inputFileListPaths = (
				"${PODS_ROOT}/Target Support Files/Pods-SurRound/Pods-SurRound-frameworks-${CONFIGURATION}-input-files.xcfilelist",
			);
			name = "[CP] Embed Pods Frameworks";
			outputFileListPaths = (
				"${PODS_ROOT}/Target Support Files/Pods-SurRound/Pods-SurRound-frameworks-${CONFIGURATION}-output-files.xcfilelist",
			);
			runOnlyForDeploymentPostprocessing = 0;
			shellPath = /bin/sh;
			shellScript = "\"${PODS_ROOT}/Target Support Files/Pods-SurRound/Pods-SurRound-frameworks.sh\"\n";
			showEnvVarsInLog = 0;
		};
		9E9FD4C9A2F67B6314F60281 /* [CP] Check Pods Manifest.lock */ = {
			isa = PBXShellScriptBuildPhase;
			buildActionMask = 2147483647;
			files = (
			);
			inputFileListPaths = (
			);
			inputPaths = (
				"${PODS_PODFILE_DIR_PATH}/Podfile.lock",
				"${PODS_ROOT}/Manifest.lock",
			);
			name = "[CP] Check Pods Manifest.lock";
			outputFileListPaths = (
			);
			outputPaths = (
				"$(DERIVED_FILE_DIR)/Pods-SurRoundUITests-checkManifestLockResult.txt",
			);
			runOnlyForDeploymentPostprocessing = 0;
			shellPath = /bin/sh;
			shellScript = "diff \"${PODS_PODFILE_DIR_PATH}/Podfile.lock\" \"${PODS_ROOT}/Manifest.lock\" > /dev/null\nif [ $? != 0 ] ; then\n    # print error to STDERR\n    echo \"error: The sandbox is not in sync with the Podfile.lock. Run 'pod install' or update your CocoaPods installation.\" >&2\n    exit 1\nfi\n# This output is used by Xcode 'outputs' to avoid re-running this script phase.\necho \"SUCCESS\" > \"${SCRIPT_OUTPUT_FILE_0}\"\n";
			showEnvVarsInLog = 0;
		};
		CF688BF1B876761D3B2B70D8 /* [CP] Check Pods Manifest.lock */ = {
			isa = PBXShellScriptBuildPhase;
			buildActionMask = 2147483647;
			files = (
			);
			inputFileListPaths = (
			);
			inputPaths = (
				"${PODS_PODFILE_DIR_PATH}/Podfile.lock",
				"${PODS_ROOT}/Manifest.lock",
			);
			name = "[CP] Check Pods Manifest.lock";
			outputFileListPaths = (
			);
			outputPaths = (
				"$(DERIVED_FILE_DIR)/Pods-SurRound-checkManifestLockResult.txt",
			);
			runOnlyForDeploymentPostprocessing = 0;
			shellPath = /bin/sh;
			shellScript = "diff \"${PODS_PODFILE_DIR_PATH}/Podfile.lock\" \"${PODS_ROOT}/Manifest.lock\" > /dev/null\nif [ $? != 0 ] ; then\n    # print error to STDERR\n    echo \"error: The sandbox is not in sync with the Podfile.lock. Run 'pod install' or update your CocoaPods installation.\" >&2\n    exit 1\nfi\n# This output is used by Xcode 'outputs' to avoid re-running this script phase.\necho \"SUCCESS\" > \"${SCRIPT_OUTPUT_FILE_0}\"\n";
			showEnvVarsInLog = 0;
		};
		D3850D7A23DAC198008F1F7E /* SwiftLint */ = {
			isa = PBXShellScriptBuildPhase;
			buildActionMask = 2147483647;
			files = (
			);
			inputFileListPaths = (
			);
			inputPaths = (
			);
			name = SwiftLint;
			outputFileListPaths = (
			);
			outputPaths = (
			);
			runOnlyForDeploymentPostprocessing = 0;
			shellPath = /bin/sh;
			shellScript = "\"${PODS_ROOT}/SwiftLint/swiftlint\"\n";
		};
/* End PBXShellScriptBuildPhase section */

/* Begin PBXSourcesBuildPhase section */
		D35C488723CF352B000951D2 /* Sources */ = {
			isa = PBXSourcesBuildPhase;
			buildActionMask = 2147483647;
			files = (
				D39997ED23DB487B00595B2F /* UITextField+Extension.swift in Sources */,
				D3552B3323DF359500453FAA /* NewPostMediaCell.swift in Sources */,
				D3086B6E23DB57E80071F378 /* AuthManager.swift in Sources */,
				D335D5DF23DEA9500021B461 /* SRAuthButton.swift in Sources */,
				D3086B7023DB59950071F378 /* UserManager.swift in Sources */,
				D3949B0523D9B07B006DA9AA /* UIView+Extension.swift in Sources */,
				D364978523D82B720078C4E0 /* KingfisherWrapper.swift in Sources */,
				D3552B2B23DF34D700453FAA /* NewPostTextViewCell.swift in Sources */,
				D3086B7523DB763A0071F378 /* HomeViewController.swift in Sources */,
				D3949AFE23D9AB65006DA9AA /* SRAuthTextField.swift in Sources */,
				D3850D7C23DAC5FC008F1F7E /* JGProgressHUDWrapper.swift in Sources */,
				D3086B8323DC83110071F378 /* CreatePostViewController.swift in Sources */,
				D39A754223D5DACF00A20879 /* SRTabBarController.swift in Sources */,
				D35C488F23CF352B000951D2 /* AppDelegate.swift in Sources */,
				D39A755223D5E57F00A20879 /* UIStoryboard+Extension.swift in Sources */,
				D3552B3623DF362100453FAA /* UserInfoSectionHeader.swift in Sources */,
				D3086B8623DC85550071F378 /* PostContentView.swift in Sources */,
				D39997EF23DB4DBD00595B2F /* UILabel+Extension.swift in Sources */,
				D32022DD23DAA8310057EB24 /* SignUpViewController.swift in Sources */,
				D39A755623D5E85C00A20879 /* UIImage+Extension.swift in Sources */,
				D39997F323DB4FD000595B2F /* AuthInputCategory.swift in Sources */,
				D3086B8C23DC8E7B0071F378 /* Constant.swift in Sources */,
				D3086B8F23DC9D3A0071F378 /* LocationTableViewCell.swift in Sources */,
				D3850D7E23DAD879008F1F7E /* UIWindow+Extension.swift in Sources */,
				D335D5E123DEB4FF0021B461 /* WelcomeViewController.swift in Sources */,
				D3086B7D23DB8A830071F378 /* PostContentViewController.swift in Sources */,
				D364978223D816370078C4E0 /* HomeNavController.swift in Sources */,
				D3949B0323D9AE12006DA9AA /* InvisibleNavController.swift in Sources */,
				D3086B9623DCA2160071F378 /* UITableView+Extension.swift in Sources */,
				D3949B0123D9ACBB006DA9AA /* SignInViewController.swift in Sources */,
				D3086B7223DB5DD50071F378 /* UserModel.swift in Sources */,
				D39A755823D5FFD000A20879 /* UIColor+Extension.swift in Sources */,
				D3086B9323DCA0940071F378 /* BodyTableViewCell.swift in Sources */,
			);
			runOnlyForDeploymentPostprocessing = 0;
		};
		D35C489D23CF352E000951D2 /* Sources */ = {
			isa = PBXSourcesBuildPhase;
			buildActionMask = 2147483647;
			files = (
				D35C48A623CF352E000951D2 /* SurRoundTests.swift in Sources */,
			);
			runOnlyForDeploymentPostprocessing = 0;
		};
		D35C48A823CF352E000951D2 /* Sources */ = {
			isa = PBXSourcesBuildPhase;
			buildActionMask = 2147483647;
			files = (
				D35C48B123CF352E000951D2 /* SurRoundUITests.swift in Sources */,
			);
			runOnlyForDeploymentPostprocessing = 0;
		};
/* End PBXSourcesBuildPhase section */

/* Begin PBXTargetDependency section */
		D35C48A323CF352E000951D2 /* PBXTargetDependency */ = {
			isa = PBXTargetDependency;
			target = D35C488A23CF352B000951D2 /* SurRound */;
			targetProxy = D35C48A223CF352E000951D2 /* PBXContainerItemProxy */;
		};
		D35C48AE23CF352E000951D2 /* PBXTargetDependency */ = {
			isa = PBXTargetDependency;
			target = D35C488A23CF352B000951D2 /* SurRound */;
			targetProxy = D35C48AD23CF352E000951D2 /* PBXContainerItemProxy */;
		};
/* End PBXTargetDependency section */

/* Begin PBXVariantGroup section */
		D3086B7823DB89E90071F378 /* Post.storyboard */ = {
			isa = PBXVariantGroup;
			children = (
				D3086B7923DB89E90071F378 /* Base */,
			);
			name = Post.storyboard;
			sourceTree = "<group>";
		};
		D35C489423CF352B000951D2 /* Main.storyboard */ = {
			isa = PBXVariantGroup;
			children = (
				D35C489523CF352B000951D2 /* Base */,
			);
			name = Main.storyboard;
			sourceTree = "<group>";
		};
		D35C489923CF352E000951D2 /* LaunchScreen.storyboard */ = {
			isa = PBXVariantGroup;
			children = (
				D35C489A23CF352E000951D2 /* Base */,
			);
			name = LaunchScreen.storyboard;
			sourceTree = "<group>";
		};
		D3949AF623D9A81E006DA9AA /* Auth.storyboard */ = {
			isa = PBXVariantGroup;
			children = (
				D3949AF723D9A81E006DA9AA /* Base */,
			);
			name = Auth.storyboard;
			sourceTree = "<group>";
		};
		D3949AF923D9A912006DA9AA /* Create.storyboard */ = {
			isa = PBXVariantGroup;
			children = (
				D3949AFA23D9A912006DA9AA /* Base */,
			);
			name = Create.storyboard;
			sourceTree = "<group>";
		};
		D39A754323D5E30600A20879 /* Home.storyboard */ = {
			isa = PBXVariantGroup;
			children = (
				D39A754423D5E30600A20879 /* Base */,
			);
			name = Home.storyboard;
			sourceTree = "<group>";
		};
		D39A754723D5E3A200A20879 /* Explore.storyboard */ = {
			isa = PBXVariantGroup;
			children = (
				D39A754823D5E3A200A20879 /* Base */,
			);
			name = Explore.storyboard;
			sourceTree = "<group>";
		};
		D39A754A23D5E3E700A20879 /* Message.storyboard */ = {
			isa = PBXVariantGroup;
			children = (
				D39A754B23D5E3E700A20879 /* Base */,
			);
			name = Message.storyboard;
			sourceTree = "<group>";
		};
		D39A754D23D5E44100A20879 /* Profile.storyboard */ = {
			isa = PBXVariantGroup;
			children = (
				D39A754E23D5E44100A20879 /* Base */,
			);
			name = Profile.storyboard;
			sourceTree = "<group>";
		};
/* End PBXVariantGroup section */

/* Begin XCBuildConfiguration section */
		D35C48B323CF352E000951D2 /* Debug */ = {
			isa = XCBuildConfiguration;
			buildSettings = {
				ALWAYS_SEARCH_USER_PATHS = NO;
				CLANG_ANALYZER_NONNULL = YES;
				CLANG_ANALYZER_NUMBER_OBJECT_CONVERSION = YES_AGGRESSIVE;
				CLANG_CXX_LANGUAGE_STANDARD = "gnu++14";
				CLANG_CXX_LIBRARY = "libc++";
				CLANG_ENABLE_MODULES = YES;
				CLANG_ENABLE_OBJC_ARC = YES;
				CLANG_ENABLE_OBJC_WEAK = YES;
				CLANG_WARN_BLOCK_CAPTURE_AUTORELEASING = YES;
				CLANG_WARN_BOOL_CONVERSION = YES;
				CLANG_WARN_COMMA = YES;
				CLANG_WARN_CONSTANT_CONVERSION = YES;
				CLANG_WARN_DEPRECATED_OBJC_IMPLEMENTATIONS = YES;
				CLANG_WARN_DIRECT_OBJC_ISA_USAGE = YES_ERROR;
				CLANG_WARN_DOCUMENTATION_COMMENTS = YES;
				CLANG_WARN_EMPTY_BODY = YES;
				CLANG_WARN_ENUM_CONVERSION = YES;
				CLANG_WARN_INFINITE_RECURSION = YES;
				CLANG_WARN_INT_CONVERSION = YES;
				CLANG_WARN_NON_LITERAL_NULL_CONVERSION = YES;
				CLANG_WARN_OBJC_IMPLICIT_RETAIN_SELF = YES;
				CLANG_WARN_OBJC_LITERAL_CONVERSION = YES;
				CLANG_WARN_OBJC_ROOT_CLASS = YES_ERROR;
				CLANG_WARN_RANGE_LOOP_ANALYSIS = YES;
				CLANG_WARN_STRICT_PROTOTYPES = YES;
				CLANG_WARN_SUSPICIOUS_MOVE = YES;
				CLANG_WARN_UNGUARDED_AVAILABILITY = YES_AGGRESSIVE;
				CLANG_WARN_UNREACHABLE_CODE = YES;
				CLANG_WARN__DUPLICATE_METHOD_MATCH = YES;
				COPY_PHASE_STRIP = NO;
				DEBUG_INFORMATION_FORMAT = dwarf;
				ENABLE_STRICT_OBJC_MSGSEND = YES;
				ENABLE_TESTABILITY = YES;
				GCC_C_LANGUAGE_STANDARD = gnu11;
				GCC_DYNAMIC_NO_PIC = NO;
				GCC_NO_COMMON_BLOCKS = YES;
				GCC_OPTIMIZATION_LEVEL = 0;
				GCC_PREPROCESSOR_DEFINITIONS = (
					"DEBUG=1",
					"$(inherited)",
				);
				GCC_WARN_64_TO_32_BIT_CONVERSION = YES;
				GCC_WARN_ABOUT_RETURN_TYPE = YES_ERROR;
				GCC_WARN_UNDECLARED_SELECTOR = YES;
				GCC_WARN_UNINITIALIZED_AUTOS = YES_AGGRESSIVE;
				GCC_WARN_UNUSED_FUNCTION = YES;
				GCC_WARN_UNUSED_VARIABLE = YES;
				IPHONEOS_DEPLOYMENT_TARGET = 13.2;
				MTL_ENABLE_DEBUG_INFO = INCLUDE_SOURCE;
				MTL_FAST_MATH = YES;
				ONLY_ACTIVE_ARCH = YES;
				SDKROOT = iphoneos;
				SWIFT_ACTIVE_COMPILATION_CONDITIONS = DEBUG;
				SWIFT_OPTIMIZATION_LEVEL = "-Onone";
			};
			name = Debug;
		};
		D35C48B423CF352E000951D2 /* Release */ = {
			isa = XCBuildConfiguration;
			buildSettings = {
				ALWAYS_SEARCH_USER_PATHS = NO;
				CLANG_ANALYZER_NONNULL = YES;
				CLANG_ANALYZER_NUMBER_OBJECT_CONVERSION = YES_AGGRESSIVE;
				CLANG_CXX_LANGUAGE_STANDARD = "gnu++14";
				CLANG_CXX_LIBRARY = "libc++";
				CLANG_ENABLE_MODULES = YES;
				CLANG_ENABLE_OBJC_ARC = YES;
				CLANG_ENABLE_OBJC_WEAK = YES;
				CLANG_WARN_BLOCK_CAPTURE_AUTORELEASING = YES;
				CLANG_WARN_BOOL_CONVERSION = YES;
				CLANG_WARN_COMMA = YES;
				CLANG_WARN_CONSTANT_CONVERSION = YES;
				CLANG_WARN_DEPRECATED_OBJC_IMPLEMENTATIONS = YES;
				CLANG_WARN_DIRECT_OBJC_ISA_USAGE = YES_ERROR;
				CLANG_WARN_DOCUMENTATION_COMMENTS = YES;
				CLANG_WARN_EMPTY_BODY = YES;
				CLANG_WARN_ENUM_CONVERSION = YES;
				CLANG_WARN_INFINITE_RECURSION = YES;
				CLANG_WARN_INT_CONVERSION = YES;
				CLANG_WARN_NON_LITERAL_NULL_CONVERSION = YES;
				CLANG_WARN_OBJC_IMPLICIT_RETAIN_SELF = YES;
				CLANG_WARN_OBJC_LITERAL_CONVERSION = YES;
				CLANG_WARN_OBJC_ROOT_CLASS = YES_ERROR;
				CLANG_WARN_RANGE_LOOP_ANALYSIS = YES;
				CLANG_WARN_STRICT_PROTOTYPES = YES;
				CLANG_WARN_SUSPICIOUS_MOVE = YES;
				CLANG_WARN_UNGUARDED_AVAILABILITY = YES_AGGRESSIVE;
				CLANG_WARN_UNREACHABLE_CODE = YES;
				CLANG_WARN__DUPLICATE_METHOD_MATCH = YES;
				COPY_PHASE_STRIP = NO;
				DEBUG_INFORMATION_FORMAT = "dwarf-with-dsym";
				ENABLE_NS_ASSERTIONS = NO;
				ENABLE_STRICT_OBJC_MSGSEND = YES;
				GCC_C_LANGUAGE_STANDARD = gnu11;
				GCC_NO_COMMON_BLOCKS = YES;
				GCC_WARN_64_TO_32_BIT_CONVERSION = YES;
				GCC_WARN_ABOUT_RETURN_TYPE = YES_ERROR;
				GCC_WARN_UNDECLARED_SELECTOR = YES;
				GCC_WARN_UNINITIALIZED_AUTOS = YES_AGGRESSIVE;
				GCC_WARN_UNUSED_FUNCTION = YES;
				GCC_WARN_UNUSED_VARIABLE = YES;
				IPHONEOS_DEPLOYMENT_TARGET = 13.2;
				MTL_ENABLE_DEBUG_INFO = NO;
				MTL_FAST_MATH = YES;
				SDKROOT = iphoneos;
				SWIFT_COMPILATION_MODE = wholemodule;
				SWIFT_OPTIMIZATION_LEVEL = "-O";
				VALIDATE_PRODUCT = YES;
			};
			name = Release;
		};
		D35C48B623CF352E000951D2 /* Debug */ = {
			isa = XCBuildConfiguration;
			baseConfigurationReference = 01B53233B7AB8C94F499A9F9 /* Pods-SurRound.debug.xcconfig */;
			buildSettings = {
				ASSETCATALOG_COMPILER_APPICON_NAME = AppIcon;
				CODE_SIGN_STYLE = Automatic;
				DEVELOPMENT_TEAM = HW9KY3R5BK;
				INFOPLIST_FILE = SurRound/Info.plist;
				LD_RUNPATH_SEARCH_PATHS = (
					"$(inherited)",
					"@executable_path/Frameworks",
				);
				PRODUCT_BUNDLE_IDENTIFIER = com.charleshs.SurRound;
				PRODUCT_NAME = "$(TARGET_NAME)";
				SWIFT_VERSION = 5.0;
				TARGETED_DEVICE_FAMILY = "1,2";
			};
			name = Debug;
		};
		D35C48B723CF352E000951D2 /* Release */ = {
			isa = XCBuildConfiguration;
			baseConfigurationReference = 5906DA275732D6F210B1BE9C /* Pods-SurRound.release.xcconfig */;
			buildSettings = {
				ASSETCATALOG_COMPILER_APPICON_NAME = AppIcon;
				CODE_SIGN_STYLE = Automatic;
				DEVELOPMENT_TEAM = HW9KY3R5BK;
				INFOPLIST_FILE = SurRound/Info.plist;
				LD_RUNPATH_SEARCH_PATHS = (
					"$(inherited)",
					"@executable_path/Frameworks",
				);
				PRODUCT_BUNDLE_IDENTIFIER = com.charleshs.SurRound;
				PRODUCT_NAME = "$(TARGET_NAME)";
				SWIFT_VERSION = 5.0;
				TARGETED_DEVICE_FAMILY = "1,2";
			};
			name = Release;
		};
		D35C48B923CF352E000951D2 /* Debug */ = {
			isa = XCBuildConfiguration;
			baseConfigurationReference = 8EEF37FDB33146FC6FC83E90 /* Pods-SurRoundTests.debug.xcconfig */;
			buildSettings = {
				ALWAYS_EMBED_SWIFT_STANDARD_LIBRARIES = YES;
				BUNDLE_LOADER = "$(TEST_HOST)";
				CODE_SIGN_STYLE = Automatic;
				DEVELOPMENT_TEAM = HW9KY3R5BK;
				INFOPLIST_FILE = SurRoundTests/Info.plist;
				IPHONEOS_DEPLOYMENT_TARGET = 13.2;
				LD_RUNPATH_SEARCH_PATHS = (
					"$(inherited)",
					"@executable_path/Frameworks",
					"@loader_path/Frameworks",
				);
				PRODUCT_BUNDLE_IDENTIFIER = com.charleshs.SurRoundTests;
				PRODUCT_NAME = "$(TARGET_NAME)";
				SWIFT_VERSION = 5.0;
				TARGETED_DEVICE_FAMILY = "1,2";
				TEST_HOST = "$(BUILT_PRODUCTS_DIR)/SurRound.app/SurRound";
			};
			name = Debug;
		};
		D35C48BA23CF352E000951D2 /* Release */ = {
			isa = XCBuildConfiguration;
			baseConfigurationReference = 3A3EC7D8C5C35F2AF098441B /* Pods-SurRoundTests.release.xcconfig */;
			buildSettings = {
				ALWAYS_EMBED_SWIFT_STANDARD_LIBRARIES = YES;
				BUNDLE_LOADER = "$(TEST_HOST)";
				CODE_SIGN_STYLE = Automatic;
				DEVELOPMENT_TEAM = HW9KY3R5BK;
				INFOPLIST_FILE = SurRoundTests/Info.plist;
				IPHONEOS_DEPLOYMENT_TARGET = 13.2;
				LD_RUNPATH_SEARCH_PATHS = (
					"$(inherited)",
					"@executable_path/Frameworks",
					"@loader_path/Frameworks",
				);
				PRODUCT_BUNDLE_IDENTIFIER = com.charleshs.SurRoundTests;
				PRODUCT_NAME = "$(TARGET_NAME)";
				SWIFT_VERSION = 5.0;
				TARGETED_DEVICE_FAMILY = "1,2";
				TEST_HOST = "$(BUILT_PRODUCTS_DIR)/SurRound.app/SurRound";
			};
			name = Release;
		};
		D35C48BC23CF352E000951D2 /* Debug */ = {
			isa = XCBuildConfiguration;
			baseConfigurationReference = 50845B35D9E73BA4B759989C /* Pods-SurRoundUITests.debug.xcconfig */;
			buildSettings = {
				ALWAYS_EMBED_SWIFT_STANDARD_LIBRARIES = YES;
				CODE_SIGN_STYLE = Automatic;
				DEVELOPMENT_TEAM = HW9KY3R5BK;
				INFOPLIST_FILE = SurRoundUITests/Info.plist;
				LD_RUNPATH_SEARCH_PATHS = (
					"$(inherited)",
					"@executable_path/Frameworks",
					"@loader_path/Frameworks",
				);
				PRODUCT_BUNDLE_IDENTIFIER = com.charleshs.SurRoundUITests;
				PRODUCT_NAME = "$(TARGET_NAME)";
				SWIFT_VERSION = 5.0;
				TARGETED_DEVICE_FAMILY = "1,2";
				TEST_TARGET_NAME = SurRound;
			};
			name = Debug;
		};
		D35C48BD23CF352E000951D2 /* Release */ = {
			isa = XCBuildConfiguration;
			baseConfigurationReference = 6947236A34D429003EC74666 /* Pods-SurRoundUITests.release.xcconfig */;
			buildSettings = {
				ALWAYS_EMBED_SWIFT_STANDARD_LIBRARIES = YES;
				CODE_SIGN_STYLE = Automatic;
				DEVELOPMENT_TEAM = HW9KY3R5BK;
				INFOPLIST_FILE = SurRoundUITests/Info.plist;
				LD_RUNPATH_SEARCH_PATHS = (
					"$(inherited)",
					"@executable_path/Frameworks",
					"@loader_path/Frameworks",
				);
				PRODUCT_BUNDLE_IDENTIFIER = com.charleshs.SurRoundUITests;
				PRODUCT_NAME = "$(TARGET_NAME)";
				SWIFT_VERSION = 5.0;
				TARGETED_DEVICE_FAMILY = "1,2";
				TEST_TARGET_NAME = SurRound;
			};
			name = Release;
		};
/* End XCBuildConfiguration section */

/* Begin XCConfigurationList section */
		D35C488623CF352B000951D2 /* Build configuration list for PBXProject "SurRound" */ = {
			isa = XCConfigurationList;
			buildConfigurations = (
				D35C48B323CF352E000951D2 /* Debug */,
				D35C48B423CF352E000951D2 /* Release */,
			);
			defaultConfigurationIsVisible = 0;
			defaultConfigurationName = Release;
		};
		D35C48B523CF352E000951D2 /* Build configuration list for PBXNativeTarget "SurRound" */ = {
			isa = XCConfigurationList;
			buildConfigurations = (
				D35C48B623CF352E000951D2 /* Debug */,
				D35C48B723CF352E000951D2 /* Release */,
			);
			defaultConfigurationIsVisible = 0;
			defaultConfigurationName = Release;
		};
		D35C48B823CF352E000951D2 /* Build configuration list for PBXNativeTarget "SurRoundTests" */ = {
			isa = XCConfigurationList;
			buildConfigurations = (
				D35C48B923CF352E000951D2 /* Debug */,
				D35C48BA23CF352E000951D2 /* Release */,
			);
			defaultConfigurationIsVisible = 0;
			defaultConfigurationName = Release;
		};
		D35C48BB23CF352E000951D2 /* Build configuration list for PBXNativeTarget "SurRoundUITests" */ = {
			isa = XCConfigurationList;
			buildConfigurations = (
				D35C48BC23CF352E000951D2 /* Debug */,
				D35C48BD23CF352E000951D2 /* Release */,
			);
			defaultConfigurationIsVisible = 0;
			defaultConfigurationName = Release;
		};
/* End XCConfigurationList section */
	};
	rootObject = D35C488323CF352B000951D2 /* Project object */;
}
