// !$*UTF8*$!
{
	archiveVersion = 1;
	classes = {
	};
	objectVersion = 50;
	objects = {

/* Begin PBXBuildFile section */
		D35C488F23CF352B000951D2 /* AppDelegate.swift in Sources */ = {isa = PBXBuildFile; fileRef = D35C488E23CF352B000951D2 /* AppDelegate.swift */; };
		D35C489323CF352B000951D2 /* ViewController.swift in Sources */ = {isa = PBXBuildFile; fileRef = D35C489223CF352B000951D2 /* ViewController.swift */; };
		D35C489623CF352B000951D2 /* Main.storyboard in Resources */ = {isa = PBXBuildFile; fileRef = D35C489423CF352B000951D2 /* Main.storyboard */; };
		D35C489823CF352E000951D2 /* Assets.xcassets in Resources */ = {isa = PBXBuildFile; fileRef = D35C489723CF352E000951D2 /* Assets.xcassets */; };
		D35C489B23CF352E000951D2 /* LaunchScreen.storyboard in Resources */ = {isa = PBXBuildFile; fileRef = D35C489923CF352E000951D2 /* LaunchScreen.storyboard */; };
		D35C48A623CF352E000951D2 /* SurRoundTests.swift in Sources */ = {isa = PBXBuildFile; fileRef = D35C48A523CF352E000951D2 /* SurRoundTests.swift */; };
		D35C48B123CF352E000951D2 /* SurRoundUITests.swift in Sources */ = {isa = PBXBuildFile; fileRef = D35C48B023CF352E000951D2 /* SurRoundUITests.swift */; };
/* End PBXBuildFile section */

/* Begin PBXContainerItemProxy section */
		D35C48A223CF352E000951D2 /* PBXContainerItemProxy */ = {
			isa = PBXContainerItemProxy;
			containerPortal = D35C488323CF352B000951D2 /* Project object */;
			proxyType = 1;
			remoteGlobalIDString = D35C488A23CF352B000951D2;
			remoteInfo = SurRound;
		};
		D35C48AD23CF352E000951D2 /* PBXContainerItemProxy */ = {
			isa = PBXContainerItemProxy;
			containerPortal = D35C488323CF352B000951D2 /* Project object */;
			proxyType = 1;
			remoteGlobalIDString = D35C488A23CF352B000951D2;
			remoteInfo = SurRound;
		};
/* End PBXContainerItemProxy section */

/* Begin PBXFileReference section */
		D35C488B23CF352B000951D2 /* SurRound.app */ = {isa = PBXFileReference; explicitFileType = wrapper.application; includeInIndex = 0; path = SurRound.app; sourceTree = BUILT_PRODUCTS_DIR; };
		D35C488E23CF352B000951D2 /* AppDelegate.swift */ = {isa = PBXFileReference; lastKnownFileType = sourcecode.swift; path = AppDelegate.swift; sourceTree = "<group>"; };
		D35C489223CF352B000951D2 /* ViewController.swift */ = {isa = PBXFileReference; lastKnownFileType = sourcecode.swift; path = ViewController.swift; sourceTree = "<group>"; };
		D35C489523CF352B000951D2 /* Base */ = {isa = PBXFileReference; lastKnownFileType = file.storyboard; name = Base; path = Base.lproj/Main.storyboard; sourceTree = "<group>"; };
		D35C489723CF352E000951D2 /* Assets.xcassets */ = {isa = PBXFileReference; lastKnownFileType = folder.assetcatalog; path = Assets.xcassets; sourceTree = "<group>"; };
		D35C489A23CF352E000951D2 /* Base */ = {isa = PBXFileReference; lastKnownFileType = file.storyboard; name = Base; path = Base.lproj/LaunchScreen.storyboard; sourceTree = "<group>"; };
		D35C489C23CF352E000951D2 /* Info.plist */ = {isa = PBXFileReference; lastKnownFileType = text.plist.xml; path = Info.plist; sourceTree = "<group>"; };
		D35C48A123CF352E000951D2 /* SurRoundTests.xctest */ = {isa = PBXFileReference; explicitFileType = wrapper.cfbundle; includeInIndex = 0; path = SurRoundTests.xctest; sourceTree = BUILT_PRODUCTS_DIR; };
		D35C48A523CF352E000951D2 /* SurRoundTests.swift */ = {isa = PBXFileReference; lastKnownFileType = sourcecode.swift; path = SurRoundTests.swift; sourceTree = "<group>"; };
		D35C48A723CF352E000951D2 /* Info.plist */ = {isa = PBXFileReference; lastKnownFileType = text.plist.xml; path = Info.plist; sourceTree = "<group>"; };
		D35C48AC23CF352E000951D2 /* SurRoundUITests.xctest */ = {isa = PBXFileReference; explicitFileType = wrapper.cfbundle; includeInIndex = 0; path = SurRoundUITests.xctest; sourceTree = BUILT_PRODUCTS_DIR; };
		D35C48B023CF352E000951D2 /* SurRoundUITests.swift */ = {isa = PBXFileReference; lastKnownFileType = sourcecode.swift; path = SurRoundUITests.swift; sourceTree = "<group>"; };
		D35C48B223CF352E000951D2 /* Info.plist */ = {isa = PBXFileReference; lastKnownFileType = text.plist.xml; path = Info.plist; sourceTree = "<group>"; };
/* End PBXFileReference section */

/* Begin PBXFrameworksBuildPhase section */
		D35C488823CF352B000951D2 /* Frameworks */ = {
			isa = PBXFrameworksBuildPhase;
			buildActionMask = 2147483647;
			files = (
			);
			runOnlyForDeploymentPostprocessing = 0;
		};
		D35C489E23CF352E000951D2 /* Frameworks */ = {
			isa = PBXFrameworksBuildPhase;
			buildActionMask = 2147483647;
			files = (
			);
			runOnlyForDeploymentPostprocessing = 0;
		};
		D35C48A923CF352E000951D2 /* Frameworks */ = {
			isa = PBXFrameworksBuildPhase;
			buildActionMask = 2147483647;
			files = (
			);
			runOnlyForDeploymentPostprocessing = 0;
		};
/* End PBXFrameworksBuildPhase section */

/* Begin PBXGroup section */
		D35C488223CF352B000951D2 = {
			isa = PBXGroup;
			children = (
				D35C488D23CF352B000951D2 /* SurRound */,
				D35C48A423CF352E000951D2 /* SurRoundTests */,
				D35C48AF23CF352E000951D2 /* SurRoundUITests */,
				D35C488C23CF352B000951D2 /* Products */,
			);
			sourceTree = "<group>";
		};
		D35C488C23CF352B000951D2 /* Products */ = {
			isa = PBXGroup;
			children = (
				D35C488B23CF352B000951D2 /* SurRound.app */,
				D35C48A123CF352E000951D2 /* SurRoundTests.xctest */,
				D35C48AC23CF352E000951D2 /* SurRoundUITests.xctest */,
			);
			name = Products;
			sourceTree = "<group>";
		};
		D35C488D23CF352B000951D2 /* SurRound */ = {
			isa = PBXGroup;
			children = (
				D35C488E23CF352B000951D2 /* AppDelegate.swift */,
				D35C489223CF352B000951D2 /* ViewController.swift */,
				D35C489423CF352B000951D2 /* Main.storyboard */,
				D35C489923CF352E000951D2 /* LaunchScreen.storyboard */,
				D35C489C23CF352E000951D2 /* Info.plist */,
				D35C489723CF352E000951D2 /* Assets.xcassets */,
			);
			path = SurRound;
			sourceTree = "<group>";
		};
		D35C48A423CF352E000951D2 /* SurRoundTests */ = {
			isa = PBXGroup;
			children = (
				D35C48A523CF352E000951D2 /* SurRoundTests.swift */,
				D35C48A723CF352E000951D2 /* Info.plist */,
			);
			path = SurRoundTests;
			sourceTree = "<group>";
		};
		D35C48AF23CF352E000951D2 /* SurRoundUITests */ = {
			isa = PBXGroup;
			children = (
				D35C48B023CF352E000951D2 /* SurRoundUITests.swift */,
				D35C48B223CF352E000951D2 /* Info.plist */,
			);
			path = SurRoundUITests;
			sourceTree = "<group>";
		};
/* End PBXGroup section */

/* Begin PBXNativeTarget section */
		D35C488A23CF352B000951D2 /* SurRound */ = {
			isa = PBXNativeTarget;
			buildConfigurationList = D35C48B523CF352E000951D2 /* Build configuration list for PBXNativeTarget "SurRound" */;
			buildPhases = (
				D35C488723CF352B000951D2 /* Sources */,
				D35C488823CF352B000951D2 /* Frameworks */,
				D35C488923CF352B000951D2 /* Resources */,
			);
			buildRules = (
			);
			dependencies = (
			);
			name = SurRound;
			productName = SurRound;
			productReference = D35C488B23CF352B000951D2 /* SurRound.app */;
			productType = "com.apple.product-type.application";
		};
		D35C48A023CF352E000951D2 /* SurRoundTests */ = {
			isa = PBXNativeTarget;
			buildConfigurationList = D35C48B823CF352E000951D2 /* Build configuration list for PBXNativeTarget "SurRoundTests" */;
			buildPhases = (
				D35C489D23CF352E000951D2 /* Sources */,
				D35C489E23CF352E000951D2 /* Frameworks */,
				D35C489F23CF352E000951D2 /* Resources */,
			);
			buildRules = (
			);
			dependencies = (
				D35C48A323CF352E000951D2 /* PBXTargetDependency */,
			);
			name = SurRoundTests;
			productName = SurRoundTests;
			productReference = D35C48A123CF352E000951D2 /* SurRoundTests.xctest */;
			productType = "com.apple.product-type.bundle.unit-test";
		};
		D35C48AB23CF352E000951D2 /* SurRoundUITests */ = {
			isa = PBXNativeTarget;
			buildConfigurationList = D35C48BB23CF352E000951D2 /* Build configuration list for PBXNativeTarget "SurRoundUITests" */;
			buildPhases = (
				D35C48A823CF352E000951D2 /* Sources */,
				D35C48A923CF352E000951D2 /* Frameworks */,
				D35C48AA23CF352E000951D2 /* Resources */,
			);
			buildRules = (
			);
			dependencies = (
				D35C48AE23CF352E000951D2 /* PBXTargetDependency */,
			);
			name = SurRoundUITests;
			productName = SurRoundUITests;
			productReference = D35C48AC23CF352E000951D2 /* SurRoundUITests.xctest */;
			productType = "com.apple.product-type.bundle.ui-testing";
		};
/* End PBXNativeTarget section */

/* Begin PBXProject section */
		D35C488323CF352B000951D2 /* Project object */ = {
			isa = PBXProject;
			attributes = {
				LastSwiftUpdateCheck = 1130;
				LastUpgradeCheck = 1130;
				ORGANIZATIONNAME = "Kai-Ta Hsieh";
				TargetAttributes = {
					D35C488A23CF352B000951D2 = {
						CreatedOnToolsVersion = 11.3.1;
					};
					D35C48A023CF352E000951D2 = {
						CreatedOnToolsVersion = 11.3.1;
						TestTargetID = D35C488A23CF352B000951D2;
					};
					D35C48AB23CF352E000951D2 = {
						CreatedOnToolsVersion = 11.3.1;
						TestTargetID = D35C488A23CF352B000951D2;
					};
				};
			};
			buildConfigurationList = D35C488623CF352B000951D2 /* Build configuration list for PBXProject "SurRound" */;
			compatibilityVersion = "Xcode 9.3";
			developmentRegion = en;
			hasScannedForEncodings = 0;
			knownRegions = (
				en,
				Base,
			);
			mainGroup = D35C488223CF352B000951D2;
			productRefGroup = D35C488C23CF352B000951D2 /* Products */;
			projectDirPath = "";
			projectRoot = "";
			targets = (
				D35C488A23CF352B000951D2 /* SurRound */,
				D35C48A023CF352E000951D2 /* SurRoundTests */,
				D35C48AB23CF352E000951D2 /* SurRoundUITests */,
			);
		};
/* End PBXProject section */

/* Begin PBXResourcesBuildPhase section */
		D35C488923CF352B000951D2 /* Resources */ = {
			isa = PBXResourcesBuildPhase;
			buildActionMask = 2147483647;
			files = (
				D35C489B23CF352E000951D2 /* LaunchScreen.storyboard in Resources */,
				D35C489823CF352E000951D2 /* Assets.xcassets in Resources */,
				D35C489623CF352B000951D2 /* Main.storyboard in Resources */,
			);
			runOnlyForDeploymentPostprocessing = 0;
		};
		D35C489F23CF352E000951D2 /* Resources */ = {
			isa = PBXResourcesBuildPhase;
			buildActionMask = 2147483647;
			files = (
			);
			runOnlyForDeploymentPostprocessing = 0;
		};
		D35C48AA23CF352E000951D2 /* Resources */ = {
			isa = PBXResourcesBuildPhase;
			buildActionMask = 2147483647;
			files = (
			);
			runOnlyForDeploymentPostprocessing = 0;
		};
/* End PBXResourcesBuildPhase section */

/* Begin PBXSourcesBuildPhase section */
		D35C488723CF352B000951D2 /* Sources */ = {
			isa = PBXSourcesBuildPhase;
			buildActionMask = 2147483647;
			files = (
				D35C489323CF352B000951D2 /* ViewController.swift in Sources */,
				D35C488F23CF352B000951D2 /* AppDelegate.swift in Sources */,
			);
			runOnlyForDeploymentPostprocessing = 0;
		};
		D35C489D23CF352E000951D2 /* Sources */ = {
			isa = PBXSourcesBuildPhase;
			buildActionMask = 2147483647;
			files = (
				D35C48A623CF352E000951D2 /* SurRoundTests.swift in Sources */,
			);
			runOnlyForDeploymentPostprocessing = 0;
		};
		D35C48A823CF352E000951D2 /* Sources */ = {
			isa = PBXSourcesBuildPhase;
			buildActionMask = 2147483647;
			files = (
				D35C48B123CF352E000951D2 /* SurRoundUITests.swift in Sources */,
			);
			runOnlyForDeploymentPostprocessing = 0;
		};
/* End PBXSourcesBuildPhase section */

/* Begin PBXTargetDependency section */
		D35C48A323CF352E000951D2 /* PBXTargetDependency */ = {
			isa = PBXTargetDependency;
			target = D35C488A23CF352B000951D2 /* SurRound */;
			targetProxy = D35C48A223CF352E000951D2 /* PBXContainerItemProxy */;
		};
		D35C48AE23CF352E000951D2 /* PBXTargetDependency */ = {
			isa = PBXTargetDependency;
			target = D35C488A23CF352B000951D2 /* SurRound */;
			targetProxy = D35C48AD23CF352E000951D2 /* PBXContainerItemProxy */;
		};
/* End PBXTargetDependency section */

/* Begin PBXVariantGroup section */
		D35C489423CF352B000951D2 /* Main.storyboard */ = {
			isa = PBXVariantGroup;
			children = (
				D35C489523CF352B000951D2 /* Base */,
			);
			name = Main.storyboard;
			sourceTree = "<group>";
		};
		D35C489923CF352E000951D2 /* LaunchScreen.storyboard */ = {
			isa = PBXVariantGroup;
			children = (
				D35C489A23CF352E000951D2 /* Base */,
			);
			name = LaunchScreen.storyboard;
			sourceTree = "<group>";
		};
/* End PBXVariantGroup section */

/* Begin XCBuildConfiguration section */
		D35C48B323CF352E000951D2 /* Debug */ = {
			isa = XCBuildConfiguration;
			buildSettings = {
				ALWAYS_SEARCH_USER_PATHS = NO;
				CLANG_ANALYZER_NONNULL = YES;
				CLANG_ANALYZER_NUMBER_OBJECT_CONVERSION = YES_AGGRESSIVE;
				CLANG_CXX_LANGUAGE_STANDARD = "gnu++14";
				CLANG_CXX_LIBRARY = "libc++";
				CLANG_ENABLE_MODULES = YES;
				CLANG_ENABLE_OBJC_ARC = YES;
				CLANG_ENABLE_OBJC_WEAK = YES;
				CLANG_WARN_BLOCK_CAPTURE_AUTORELEASING = YES;
				CLANG_WARN_BOOL_CONVERSION = YES;
				CLANG_WARN_COMMA = YES;
				CLANG_WARN_CONSTANT_CONVERSION = YES;
				CLANG_WARN_DEPRECATED_OBJC_IMPLEMENTATIONS = YES;
				CLANG_WARN_DIRECT_OBJC_ISA_USAGE = YES_ERROR;
				CLANG_WARN_DOCUMENTATION_COMMENTS = YES;
				CLANG_WARN_EMPTY_BODY = YES;
				CLANG_WARN_ENUM_CONVERSION = YES;
				CLANG_WARN_INFINITE_RECURSION = YES;
				CLANG_WARN_INT_CONVERSION = YES;
				CLANG_WARN_NON_LITERAL_NULL_CONVERSION = YES;
				CLANG_WARN_OBJC_IMPLICIT_RETAIN_SELF = YES;
				CLANG_WARN_OBJC_LITERAL_CONVERSION = YES;
				CLANG_WARN_OBJC_ROOT_CLASS = YES_ERROR;
				CLANG_WARN_RANGE_LOOP_ANALYSIS = YES;
				CLANG_WARN_STRICT_PROTOTYPES = YES;
				CLANG_WARN_SUSPICIOUS_MOVE = YES;
				CLANG_WARN_UNGUARDED_AVAILABILITY = YES_AGGRESSIVE;
				CLANG_WARN_UNREACHABLE_CODE = YES;
				CLANG_WARN__DUPLICATE_METHOD_MATCH = YES;
				COPY_PHASE_STRIP = NO;
				DEBUG_INFORMATION_FORMAT = dwarf;
				ENABLE_STRICT_OBJC_MSGSEND = YES;
				ENABLE_TESTABILITY = YES;
				GCC_C_LANGUAGE_STANDARD = gnu11;
				GCC_DYNAMIC_NO_PIC = NO;
				GCC_NO_COMMON_BLOCKS = YES;
				GCC_OPTIMIZATION_LEVEL = 0;
				GCC_PREPROCESSOR_DEFINITIONS = (
					"DEBUG=1",
					"$(inherited)",
				);
				GCC_WARN_64_TO_32_BIT_CONVERSION = YES;
				GCC_WARN_ABOUT_RETURN_TYPE = YES_ERROR;
				GCC_WARN_UNDECLARED_SELECTOR = YES;
				GCC_WARN_UNINITIALIZED_AUTOS = YES_AGGRESSIVE;
				GCC_WARN_UNUSED_FUNCTION = YES;
				GCC_WARN_UNUSED_VARIABLE = YES;
				IPHONEOS_DEPLOYMENT_TARGET = 13.2;
				MTL_ENABLE_DEBUG_INFO = INCLUDE_SOURCE;
				MTL_FAST_MATH = YES;
				ONLY_ACTIVE_ARCH = YES;
				SDKROOT = iphoneos;
				SWIFT_ACTIVE_COMPILATION_CONDITIONS = DEBUG;
				SWIFT_OPTIMIZATION_LEVEL = "-Onone";
			};
			name = Debug;
		};
		D35C48B423CF352E000951D2 /* Release */ = {
			isa = XCBuildConfiguration;
			buildSettings = {
				ALWAYS_SEARCH_USER_PATHS = NO;
				CLANG_ANALYZER_NONNULL = YES;
				CLANG_ANALYZER_NUMBER_OBJECT_CONVERSION = YES_AGGRESSIVE;
				CLANG_CXX_LANGUAGE_STANDARD = "gnu++14";
				CLANG_CXX_LIBRARY = "libc++";
				CLANG_ENABLE_MODULES = YES;
				CLANG_ENABLE_OBJC_ARC = YES;
				CLANG_ENABLE_OBJC_WEAK = YES;
				CLANG_WARN_BLOCK_CAPTURE_AUTORELEASING = YES;
				CLANG_WARN_BOOL_CONVERSION = YES;
				CLANG_WARN_COMMA = YES;
				CLANG_WARN_CONSTANT_CONVERSION = YES;
				CLANG_WARN_DEPRECATED_OBJC_IMPLEMENTATIONS = YES;
				CLANG_WARN_DIRECT_OBJC_ISA_USAGE = YES_ERROR;
				CLANG_WARN_DOCUMENTATION_COMMENTS = YES;
				CLANG_WARN_EMPTY_BODY = YES;
				CLANG_WARN_ENUM_CONVERSION = YES;
				CLANG_WARN_INFINITE_RECURSION = YES;
				CLANG_WARN_INT_CONVERSION = YES;
				CLANG_WARN_NON_LITERAL_NULL_CONVERSION = YES;
				CLANG_WARN_OBJC_IMPLICIT_RETAIN_SELF = YES;
				CLANG_WARN_OBJC_LITERAL_CONVERSION = YES;
				CLANG_WARN_OBJC_ROOT_CLASS = YES_ERROR;
				CLANG_WARN_RANGE_LOOP_ANALYSIS = YES;
				CLANG_WARN_STRICT_PROTOTYPES = YES;
				CLANG_WARN_SUSPICIOUS_MOVE = YES;
				CLANG_WARN_UNGUARDED_AVAILABILITY = YES_AGGRESSIVE;
				CLANG_WARN_UNREACHABLE_CODE = YES;
				CLANG_WARN__DUPLICATE_METHOD_MATCH = YES;
				COPY_PHASE_STRIP = NO;
				DEBUG_INFORMATION_FORMAT = "dwarf-with-dsym";
				ENABLE_NS_ASSERTIONS = NO;
				ENABLE_STRICT_OBJC_MSGSEND = YES;
				GCC_C_LANGUAGE_STANDARD = gnu11;
				GCC_NO_COMMON_BLOCKS = YES;
				GCC_WARN_64_TO_32_BIT_CONVERSION = YES;
				GCC_WARN_ABOUT_RETURN_TYPE = YES_ERROR;
				GCC_WARN_UNDECLARED_SELECTOR = YES;
				GCC_WARN_UNINITIALIZED_AUTOS = YES_AGGRESSIVE;
				GCC_WARN_UNUSED_FUNCTION = YES;
				GCC_WARN_UNUSED_VARIABLE = YES;
				IPHONEOS_DEPLOYMENT_TARGET = 13.2;
				MTL_ENABLE_DEBUG_INFO = NO;
				MTL_FAST_MATH = YES;
				SDKROOT = iphoneos;
				SWIFT_COMPILATION_MODE = wholemodule;
				SWIFT_OPTIMIZATION_LEVEL = "-O";
				VALIDATE_PRODUCT = YES;
			};
			name = Release;
		};
		D35C48B623CF352E000951D2 /* Debug */ = {
			isa = XCBuildConfiguration;
			buildSettings = {
				ASSETCATALOG_COMPILER_APPICON_NAME = AppIcon;
				CODE_SIGN_STYLE = Automatic;
				DEVELOPMENT_TEAM = HW9KY3R5BK;
				INFOPLIST_FILE = SurRound/Info.plist;
				LD_RUNPATH_SEARCH_PATHS = (
					"$(inherited)",
					"@executable_path/Frameworks",
				);
				PRODUCT_BUNDLE_IDENTIFIER = com.charleshs.SurRound;
				PRODUCT_NAME = "$(TARGET_NAME)";
				SWIFT_VERSION = 5.0;
				TARGETED_DEVICE_FAMILY = "1,2";
			};
			name = Debug;
		};
		D35C48B723CF352E000951D2 /* Release */ = {
			isa = XCBuildConfiguration;
			buildSettings = {
				ASSETCATALOG_COMPILER_APPICON_NAME = AppIcon;
				CODE_SIGN_STYLE = Automatic;
				DEVELOPMENT_TEAM = HW9KY3R5BK;
				INFOPLIST_FILE = SurRound/Info.plist;
				LD_RUNPATH_SEARCH_PATHS = (
					"$(inherited)",
					"@executable_path/Frameworks",
				);
				PRODUCT_BUNDLE_IDENTIFIER = com.charleshs.SurRound;
				PRODUCT_NAME = "$(TARGET_NAME)";
				SWIFT_VERSION = 5.0;
				TARGETED_DEVICE_FAMILY = "1,2";
			};
			name = Release;
		};
		D35C48B923CF352E000951D2 /* Debug */ = {
			isa = XCBuildConfiguration;
			buildSettings = {
				ALWAYS_EMBED_SWIFT_STANDARD_LIBRARIES = YES;
				BUNDLE_LOADER = "$(TEST_HOST)";
				CODE_SIGN_STYLE = Automatic;
				DEVELOPMENT_TEAM = HW9KY3R5BK;
				INFOPLIST_FILE = SurRoundTests/Info.plist;
				IPHONEOS_DEPLOYMENT_TARGET = 13.2;
				LD_RUNPATH_SEARCH_PATHS = (
					"$(inherited)",
					"@executable_path/Frameworks",
					"@loader_path/Frameworks",
				);
				PRODUCT_BUNDLE_IDENTIFIER = com.charleshs.SurRoundTests;
				PRODUCT_NAME = "$(TARGET_NAME)";
				SWIFT_VERSION = 5.0;
				TARGETED_DEVICE_FAMILY = "1,2";
				TEST_HOST = "$(BUILT_PRODUCTS_DIR)/SurRound.app/SurRound";
			};
			name = Debug;
		};
		D35C48BA23CF352E000951D2 /* Release */ = {
			isa = XCBuildConfiguration;
			buildSettings = {
				ALWAYS_EMBED_SWIFT_STANDARD_LIBRARIES = YES;
				BUNDLE_LOADER = "$(TEST_HOST)";
				CODE_SIGN_STYLE = Automatic;
				DEVELOPMENT_TEAM = HW9KY3R5BK;
				INFOPLIST_FILE = SurRoundTests/Info.plist;
				IPHONEOS_DEPLOYMENT_TARGET = 13.2;
				LD_RUNPATH_SEARCH_PATHS = (
					"$(inherited)",
					"@executable_path/Frameworks",
					"@loader_path/Frameworks",
				);
				PRODUCT_BUNDLE_IDENTIFIER = com.charleshs.SurRoundTests;
				PRODUCT_NAME = "$(TARGET_NAME)";
				SWIFT_VERSION = 5.0;
				TARGETED_DEVICE_FAMILY = "1,2";
				TEST_HOST = "$(BUILT_PRODUCTS_DIR)/SurRound.app/SurRound";
			};
			name = Release;
		};
		D35C48BC23CF352E000951D2 /* Debug */ = {
			isa = XCBuildConfiguration;
			buildSettings = {
				ALWAYS_EMBED_SWIFT_STANDARD_LIBRARIES = YES;
				CODE_SIGN_STYLE = Automatic;
				DEVELOPMENT_TEAM = HW9KY3R5BK;
				INFOPLIST_FILE = SurRoundUITests/Info.plist;
				LD_RUNPATH_SEARCH_PATHS = (
					"$(inherited)",
					"@executable_path/Frameworks",
					"@loader_path/Frameworks",
				);
				PRODUCT_BUNDLE_IDENTIFIER = com.charleshs.SurRoundUITests;
				PRODUCT_NAME = "$(TARGET_NAME)";
				SWIFT_VERSION = 5.0;
				TARGETED_DEVICE_FAMILY = "1,2";
				TEST_TARGET_NAME = SurRound;
			};
			name = Debug;
		};
		D35C48BD23CF352E000951D2 /* Release */ = {
			isa = XCBuildConfiguration;
			buildSettings = {
				ALWAYS_EMBED_SWIFT_STANDARD_LIBRARIES = YES;
				CODE_SIGN_STYLE = Automatic;
				DEVELOPMENT_TEAM = HW9KY3R5BK;
				INFOPLIST_FILE = SurRoundUITests/Info.plist;
				LD_RUNPATH_SEARCH_PATHS = (
					"$(inherited)",
					"@executable_path/Frameworks",
					"@loader_path/Frameworks",
				);
				PRODUCT_BUNDLE_IDENTIFIER = com.charleshs.SurRoundUITests;
				PRODUCT_NAME = "$(TARGET_NAME)";
				SWIFT_VERSION = 5.0;
				TARGETED_DEVICE_FAMILY = "1,2";
				TEST_TARGET_NAME = SurRound;
			};
			name = Release;
		};
/* End XCBuildConfiguration section */

/* Begin XCConfigurationList section */
		D35C488623CF352B000951D2 /* Build configuration list for PBXProject "SurRound" */ = {
			isa = XCConfigurationList;
			buildConfigurations = (
				D35C48B323CF352E000951D2 /* Debug */,
				D35C48B423CF352E000951D2 /* Release */,
			);
			defaultConfigurationIsVisible = 0;
			defaultConfigurationName = Release;
		};
		D35C48B523CF352E000951D2 /* Build configuration list for PBXNativeTarget "SurRound" */ = {
			isa = XCConfigurationList;
			buildConfigurations = (
				D35C48B623CF352E000951D2 /* Debug */,
				D35C48B723CF352E000951D2 /* Release */,
			);
			defaultConfigurationIsVisible = 0;
			defaultConfigurationName = Release;
		};
		D35C48B823CF352E000951D2 /* Build configuration list for PBXNativeTarget "SurRoundTests" */ = {
			isa = XCConfigurationList;
			buildConfigurations = (
				D35C48B923CF352E000951D2 /* Debug */,
				D35C48BA23CF352E000951D2 /* Release */,
			);
			defaultConfigurationIsVisible = 0;
			defaultConfigurationName = Release;
		};
		D35C48BB23CF352E000951D2 /* Build configuration list for PBXNativeTarget "SurRoundUITests" */ = {
			isa = XCConfigurationList;
			buildConfigurations = (
				D35C48BC23CF352E000951D2 /* Debug */,
				D35C48BD23CF352E000951D2 /* Release */,
			);
			defaultConfigurationIsVisible = 0;
			defaultConfigurationName = Release;
		};
/* End XCConfigurationList section */
	};
	rootObject = D35C488323CF352B000951D2 /* Project object */;
}
